// !$*UTF8*$!
{
	archiveVersion = 1;
	classes = {
	};
	objectVersion = 56;
	objects = {

/* Begin PBXBuildFile section */
		C92C712E2B802A4000B628E9 /* TopupConnectApiHandler.swift in Sources */ = {isa = PBXBuildFile; fileRef = C92C712D2B802A4000B628E9 /* TopupConnectApiHandler.swift */; };
		C92C71522B802F5600B628E9 /* GiftApiHandler.swift in Sources */ = {isa = PBXBuildFile; fileRef = C92C71512B802F5600B628E9 /* GiftApiHandler.swift */; };
		C95B89BD2B7DB11300536E49 /* canceltransferrequest.swift in Sources */ = {isa = PBXBuildFile; fileRef = C95B89BC2B7DB11300536E49 /* canceltransferrequest.swift */; };
		C95B89BF2B7DB13400536E49 /* estimatepricerequest.swift in Sources */ = {isa = PBXBuildFile; fileRef = C95B89BE2B7DB13400536E49 /* estimatepricerequest.swift */; };
		C95B89C12B7DB14700536E49 /* ListTransferRecordRequest.swift in Sources */ = {isa = PBXBuildFile; fileRef = C95B89C02B7DB14700536E49 /* ListTransferRecordRequest.swift */; };
		C95B89C32B7DB15800536E49 /* LookupBillsRequest.swift in Sources */ = {isa = PBXBuildFile; fileRef = C95B89C22B7DB15800536E49 /* LookupBillsRequest.swift */; };
		C95B89C52B7DB17000536E49 /* SendTransferRequest.swift in Sources */ = {isa = PBXBuildFile; fileRef = C95B89C42B7DB17000536E49 /* SendTransferRequest.swift */; };
		C95B89C72B7DB1BC00536E49 /* Setting.swift in Sources */ = {isa = PBXBuildFile; fileRef = C95B89C62B7DB1BC00536E49 /* Setting.swift */; };
		C95B8A3D2B7DB75B00536E49 /* balance amount.swift in Sources */ = {isa = PBXBuildFile; fileRef = C95B8A3C2B7DB75B00536E49 /* balance amount.swift */; };
		C95B8A3F2B7DB78200536E49 /* brand accepted amount.swift in Sources */ = {isa = PBXBuildFile; fileRef = C95B8A3E2B7DB78200536E49 /* brand accepted amount.swift */; };
		C95B8A412B7DB78F00536E49 /* Brand details.swift in Sources */ = {isa = PBXBuildFile; fileRef = C95B8A402B7DB78F00536E49 /* Brand details.swift */; };
		C95B8A432B7DB7CA00536E49 /* Credential Acvitation Request.swift in Sources */ = {isa = PBXBuildFile; fileRef = C95B8A422B7DB7CA00536E49 /* Credential Acvitation Request.swift */; };
		C95B8A452B7DB7E200536E49 /* credential activation response.swift in Sources */ = {isa = PBXBuildFile; fileRef = C95B8A442B7DB7E200536E49 /* credential activation response.swift */; };
		C95B8A472B7DB87500536E49 /* egift card.swift in Sources */ = {isa = PBXBuildFile; fileRef = C95B8A462B7DB87500536E49 /* egift card.swift */; };
		C95B8A492B7DB8AB00536E49 /* Exchange Rate.swift in Sources */ = {isa = PBXBuildFile; fileRef = C95B8A482B7DB8AB00536E49 /* Exchange Rate.swift */; };
		C95B8A4B2B7DB8CE00536E49 /* Extra Fielda.swift in Sources */ = {isa = PBXBuildFile; fileRef = C95B8A4A2B7DB8CE00536E49 /* Extra Fielda.swift */; };
		C95B8A4D2B7DB90900536E49 /* Gift Voucher.swift in Sources */ = {isa = PBXBuildFile; fileRef = C95B8A4C2B7DB90900536E49 /* Gift Voucher.swift */; };
		C95B8A4F2B7DB92800536E49 /* Order Create Request.swift in Sources */ = {isa = PBXBuildFile; fileRef = C95B8A4E2B7DB92800536E49 /* Order Create Request.swift */; };
		C95B8A512B7DB94400536E49 /* Order create response.swift in Sources */ = {isa = PBXBuildFile; fileRef = C95B8A502B7DB94400536E49 /* Order create response.swift */; };
		C95B8A532B7DB96000536E49 /* Ordered Amount.swift in Sources */ = {isa = PBXBuildFile; fileRef = C95B8A522B7DB96000536E49 /* Ordered Amount.swift */; };
		C95B8A552B7DB97E00536E49 /* Simulate webhook response.swift in Sources */ = {isa = PBXBuildFile; fileRef = C95B8A542B7DB97E00536E49 /* Simulate webhook response.swift */; };
		C95B8A572B7DB99A00536E49 /* Topup Request.swift in Sources */ = {isa = PBXBuildFile; fileRef = C95B8A562B7DB99A00536E49 /* Topup Request.swift */; };
		C95B8A592B7DB9BD00536E49 /* Topup Response.swift in Sources */ = {isa = PBXBuildFile; fileRef = C95B8A582B7DB9BD00536E49 /* Topup Response.swift */; };
		C95B8A5B2B7DB9DA00536E49 /* Webhook create request.swift in Sources */ = {isa = PBXBuildFile; fileRef = C95B8A5A2B7DB9DA00536E49 /* Webhook create request.swift */; };
		C95B8A5D2B7DB9E800536E49 /* Webhook Create Response.swift in Sources */ = {isa = PBXBuildFile; fileRef = C95B8A5C2B7DB9E800536E49 /* Webhook Create Response.swift */; };
		C95B8A652B7DBAD600536E49 /* APIservice.swift in Sources */ = {isa = PBXBuildFile; fileRef = C95B8A642B7DBAD600536E49 /* APIservice.swift */; };
		C95B8A672B7DBB2300536E49 /* TopupAPIservice.swift in Sources */ = {isa = PBXBuildFile; fileRef = C95B8A662B7DBB2300536E49 /* TopupAPIservice.swift */; };
		C95B8A692B7DBB7200536E49 /* Gift API service.swift in Sources */ = {isa = PBXBuildFile; fileRef = C95B8A682B7DBB7200536E49 /* Gift API service.swift */; };
		C95B8A6B2B7DBBBE00536E49 /* Retro Fit Client.swift in Sources */ = {isa = PBXBuildFile; fileRef = C95B8A6A2B7DBBBE00536E49 /* Retro Fit Client.swift */; };
		C95B8A6D2B7DBBEC00536E49 /* API Handler.swift in Sources */ = {isa = PBXBuildFile; fileRef = C95B8A6C2B7DBBEC00536E49 /* API Handler.swift */; };
		C95B8A6F2B7DBBFD00536E49 /* API Response Callback.swift in Sources */ = {isa = PBXBuildFile; fileRef = C95B8A6E2B7DBBFD00536E49 /* API Response Callback.swift */; };
		C95B8A712B7DBC1C00536E49 /* Topup Connect API Handler.swift in Sources */ = {isa = PBXBuildFile; fileRef = C95B8A702B7DBC1C00536E49 /* Topup Connect API Handler.swift */; };
		C95B8A732B7DBC3000536E49 /* Gift API Handler.swift in Sources */ = {isa = PBXBuildFile; fileRef = C95B8A722B7DBC3000536E49 /* Gift API Handler.swift */; };
		C95B8A752B7DC20B00536E49 /* Account Lookup.swift in Sources */ = {isa = PBXBuildFile; fileRef = C95B8A742B7DC20B00536E49 /* Account Lookup.swift */; };
		C95B8A772B7DC22200536E49 /* Account lookup Item.swift in Sources */ = {isa = PBXBuildFile; fileRef = C95B8A762B7DC22200536E49 /* Account lookup Item.swift */; };
		C95B8A792B7DC25700536E49 /* Additional Info.swift in Sources */ = {isa = PBXBuildFile; fileRef = C95B8A782B7DC25700536E49 /* Additional Info.swift */; };
		C95B8A7B2B7DC26F00536E49 /* Balance.swift in Sources */ = {isa = PBXBuildFile; fileRef = C95B8A7A2B7DC26F00536E49 /* Balance.swift */; };
		C95B8A7D2B7DC28600536E49 /* Bonuse.swift in Sources */ = {isa = PBXBuildFile; fileRef = C95B8A7C2B7DC28600536E49 /* Bonuse.swift */; };
		C95B8A7F2B7DC2AC00536E49 /* Cancel Transfer.swift in Sources */ = {isa = PBXBuildFile; fileRef = C95B8A7E2B7DC2AC00536E49 /* Cancel Transfer.swift */; };
		C95B8A812B7DC2BE00536E49 /* Cancel Transfer Item.swift in Sources */ = {isa = PBXBuildFile; fileRef = C95B8A802B7DC2BE00536E49 /* Cancel Transfer Item.swift */; };
		C95B8A832B7DC2D800536E49 /* Country.swift in Sources */ = {isa = PBXBuildFile; fileRef = C95B8A822B7DC2D800536E49 /* Country.swift */; };
		C95B8A852B7DC2E000536E49 /* Country Item.swift in Sources */ = {isa = PBXBuildFile; fileRef = C95B8A842B7DC2E000536E49 /* Country Item.swift */; };
		C95B8A872B7DC2E800536E49 /* Currency.swift in Sources */ = {isa = PBXBuildFile; fileRef = C95B8A862B7DC2E800536E49 /* Currency.swift */; };
		C95B8A892B7DC34500536E49 /* Currency Item.swift in Sources */ = {isa = PBXBuildFile; fileRef = C95B8A882B7DC34500536E49 /* Currency Item.swift */; };
		C95B8A8B2B7DC36900536E49 /* Error Code.swift in Sources */ = {isa = PBXBuildFile; fileRef = C95B8A8A2B7DC36900536E49 /* Error Code.swift */; };
		C95B8A8D2B7DC39F00536E49 /* Error Code Description.swift in Sources */ = {isa = PBXBuildFile; fileRef = C95B8A8C2B7DC39F00536E49 /* Error Code Description.swift */; };
		C95B8A8F2B7DC3E400536E49 /* Error Code Description Item.swift in Sources */ = {isa = PBXBuildFile; fileRef = C95B8A8E2B7DC3E400536E49 /* Error Code Description Item.swift */; };
		C95B8A912B7DC40600536E49 /* Estimate Price.swift in Sources */ = {isa = PBXBuildFile; fileRef = C95B8A902B7DC40600536E49 /* Estimate Price.swift */; };
		C95B8A932B7DC42C00536E49 /* Estimate Price Item.swift in Sources */ = {isa = PBXBuildFile; fileRef = C95B8A922B7DC42C00536E49 /* Estimate Price Item.swift */; };
		C95B8A952B7DC44F00536E49 /* International Dialing Information.swift in Sources */ = {isa = PBXBuildFile; fileRef = C95B8A942B7DC44F00536E49 /* International Dialing Information.swift */; };
		C95B8A972B7DC46D00536E49 /* List Transfer Record.swift in Sources */ = {isa = PBXBuildFile; fileRef = C95B8A962B7DC46D00536E49 /* List Transfer Record.swift */; };
		C95B8A992B7DC48100536E49 /* List Transfer Record Item.swift in Sources */ = {isa = PBXBuildFile; fileRef = C95B8A982B7DC48100536E49 /* List Transfer Record Item.swift */; };
		C95B8A9B2B7DC4A900536E49 /* Lookup Bill Item.swift in Sources */ = {isa = PBXBuildFile; fileRef = C95B8A9A2B7DC4A900536E49 /* Lookup Bill Item.swift */; };
		C95B8A9D2B7DC4E700536E49 /* Lookup Bill.swift in Sources */ = {isa = PBXBuildFile; fileRef = C95B8A9C2B7DC4E700536E49 /* Lookup Bill.swift */; };
		C95B8A9F2B7DC51E00536E49 /* Maximum.swift in Sources */ = {isa = PBXBuildFile; fileRef = C95B8A9E2B7DC51E00536E49 /* Maximum.swift */; };
		C95B8AA12B7DC52700536E49 /* Minimum.swift in Sources */ = {isa = PBXBuildFile; fileRef = C95B8AA02B7DC52700536E49 /* Minimum.swift */; };
		C95B8AA32B7DC54E00536E49 /* Price.swift in Sources */ = {isa = PBXBuildFile; fileRef = C95B8AA22B7DC54E00536E49 /* Price.swift */; };
		C95B8AA52B7DC55D00536E49 /* Product.swift in Sources */ = {isa = PBXBuildFile; fileRef = C95B8AA42B7DC55D00536E49 /* Product.swift */; };
		C95B8AA72B7DC57B00536E49 /* Product Description.swift in Sources */ = {isa = PBXBuildFile; fileRef = C95B8AA62B7DC57B00536E49 /* Product Description.swift */; };
		C95B8AA92B7DC5F200536E49 /* Product Description Item.swift in Sources */ = {isa = PBXBuildFile; fileRef = C95B8AA82B7DC5F200536E49 /* Product Description Item.swift */; };
		C95B8AAB2B7DC60700536E49 /* Product Item.swift in Sources */ = {isa = PBXBuildFile; fileRef = C95B8AAA2B7DC60700536E49 /* Product Item.swift */; };
		C95B8AAD2B7DC63300536E49 /* Promotion.swift in Sources */ = {isa = PBXBuildFile; fileRef = C95B8AAC2B7DC63300536E49 /* Promotion.swift */; };
		C95B8AAF2B7DC64700536E49 /* Promotion Description.swift in Sources */ = {isa = PBXBuildFile; fileRef = C95B8AAE2B7DC64700536E49 /* Promotion Description.swift */; };
		C95B8AB12B7DC68100536E49 /* Promotion Description Item.swift in Sources */ = {isa = PBXBuildFile; fileRef = C95B8AB02B7DC68100536E49 /* Promotion Description Item.swift */; };
		C95B8AB32B7DC69B00536E49 /* Promotion Item.swift in Sources */ = {isa = PBXBuildFile; fileRef = C95B8AB22B7DC69B00536E49 /* Promotion Item.swift */; };
		C95B8AB52B7DC6BE00536E49 /* Provider.swift in Sources */ = {isa = PBXBuildFile; fileRef = C95B8AB42B7DC6BE00536E49 /* Provider.swift */; };
		C95B8AB72B7DC6D300536E49 /* Provider Item.swift in Sources */ = {isa = PBXBuildFile; fileRef = C95B8AB62B7DC6D300536E49 /* Provider Item.swift */; };
		C95B8AB92B7DC6DD00536E49 /* Provider Status.swift in Sources */ = {isa = PBXBuildFile; fileRef = C95B8AB82B7DC6DD00536E49 /* Provider Status.swift */; };
		C95B8ABB2B7DC6F700536E49 /* Provider Status Item.swift in Sources */ = {isa = PBXBuildFile; fileRef = C95B8ABA2B7DC6F700536E49 /* Provider Status Item.swift */; };
		C95B8ABD2B7DC72400536E49 /* ReceiptParams.swift in Sources */ = {isa = PBXBuildFile; fileRef = C95B8ABC2B7DC72400536E49 /* ReceiptParams.swift */; };
		C95B8ABF2B7DC73B00536E49 /* Region.swift in Sources */ = {isa = PBXBuildFile; fileRef = C95B8ABE2B7DC73B00536E49 /* Region.swift */; };
		C95B8AC12B7DC75100536E49 /* Region Item.swift in Sources */ = {isa = PBXBuildFile; fileRef = C95B8AC02B7DC75100536E49 /* Region Item.swift */; };
		C95B8AC32B7DC76D00536E49 /* Send Amount.swift in Sources */ = {isa = PBXBuildFile; fileRef = C95B8AC22B7DC76D00536E49 /* Send Amount.swift */; };
		C95B8AC52B7DC78B00536E49 /* Service Response.swift in Sources */ = {isa = PBXBuildFile; fileRef = C95B8AC42B7DC78B00536E49 /* Service Response.swift */; };
		C95B8AC72B7DC7A900536E49 /* Setting Definition.swift in Sources */ = {isa = PBXBuildFile; fileRef = C95B8AC62B7DC7A900536E49 /* Setting Definition.swift */; };
		C95B8AC92B7DC7C500536E49 /* Transferld.swift in Sources */ = {isa = PBXBuildFile; fileRef = C95B8AC82B7DC7C500536E49 /* Transferld.swift */; };
		C95B8ACB2B7DC7D900536E49 /* Transfer Record.swift in Sources */ = {isa = PBXBuildFile; fileRef = C95B8ACA2B7DC7D900536E49 /* Transfer Record.swift */; };
		C95B8ACD2B7DC80C00536E49 /* Transfer Record Response.swift in Sources */ = {isa = PBXBuildFile; fileRef = C95B8ACC2B7DC80C00536E49 /* Transfer Record Response.swift */; };
		C95B8ACF2B7DC87000536E49 /* Account Response.swift in Sources */ = {isa = PBXBuildFile; fileRef = C95B8ACE2B7DC87000536E49 /* Account Response.swift */; };
		C95B8AD12B7DC88600536E49 /* Aed.swift in Sources */ = {isa = PBXBuildFile; fileRef = C95B8AD02B7DC88600536E49 /* Aed.swift */; };
		C95B8AD32B7DC8AD00536E49 /* Balance Amount.swift in Sources */ = {isa = PBXBuildFile; fileRef = C95B8AD22B7DC8AD00536E49 /* Balance Amount.swift */; };
		C95B8AD52B7DC8C600536E49 /* BHD.swift in Sources */ = {isa = PBXBuildFile; fileRef = C95B8AD42B7DC8C600536E49 /* BHD.swift */; };
		C95B8AD72B7DC8D400536E49 /* Brand.swift in Sources */ = {isa = PBXBuildFile; fileRef = C95B8AD62B7DC8D400536E49 /* Brand.swift */; };
		C95B8AD92B7DC91000536E49 /* Brand Accepted Amount.swift in Sources */ = {isa = PBXBuildFile; fileRef = C95B8AD82B7DC91000536E49 /* Brand Accepted Amount.swift */; };
		C95B8ADB2B7DC91F00536E49 /* Brand Category.swift in Sources */ = {isa = PBXBuildFile; fileRef = C95B8ADA2B7DC91F00536E49 /* Brand Category.swift */; };
		C95B8ADD2B7DC94500536E49 /* Brand Country.swift in Sources */ = {isa = PBXBuildFile; fileRef = C95B8ADC2B7DC94500536E49 /* Brand Country.swift */; };
		C95B8ADF2B7DC97100536E49 /* Brand Details.swift in Sources */ = {isa = PBXBuildFile; fileRef = C95B8ADE2B7DC97100536E49 /* Brand Details.swift */; };
		C95B8AE12B7DC98E00536E49 /* Brand Location City Response.swift in Sources */ = {isa = PBXBuildFile; fileRef = C95B8AE02B7DC98E00536E49 /* Brand Location City Response.swift */; };
		C95B8AE32B7DC99D00536E49 /* Brand Location Response.swift in Sources */ = {isa = PBXBuildFile; fileRef = C95B8AE22B7DC99D00536E49 /* Brand Location Response.swift */; };
		C95B8AE52B7DC9C900536E49 /* Brand Response.swift in Sources */ = {isa = PBXBuildFile; fileRef = C95B8AE42B7DC9C900536E49 /* Brand Response.swift */; };
		C95B8AE72B7DC9E600536E49 /* Category.swift in Sources */ = {isa = PBXBuildFile; fileRef = C95B8AE62B7DC9E600536E49 /* Category.swift */; };
		C95B8AE92B7DC9FB00536E49 /* Category Response.swift in Sources */ = {isa = PBXBuildFile; fileRef = C95B8AE82B7DC9FB00536E49 /* Category Response.swift */; };
		C95B8AEB2B7DCA0E00536E49 /* City.swift in Sources */ = {isa = PBXBuildFile; fileRef = C95B8AEA2B7DCA0E00536E49 /* City.swift */; };
		C95B8AED2B7DCA3500536E49 /* Conversion Rates.swift in Sources */ = {isa = PBXBuildFile; fileRef = C95B8AEC2B7DCA3500536E49 /* Conversion Rates.swift */; };
		C95B8AEF2B7DCA5600536E49 /* Country.swift in Sources */ = {isa = PBXBuildFile; fileRef = C95B8AEE2B7DCA5600536E49 /* Country.swift */; };
		C95B8AF12B7DCA8900536E49 /* Country Currency.swift in Sources */ = {isa = PBXBuildFile; fileRef = C95B8AF02B7DCA8900536E49 /* Country Currency.swift */; };
		C95B8AF32B7DCAA700536E49 /* Country Language.swift in Sources */ = {isa = PBXBuildFile; fileRef = C95B8AF22B7DCAA700536E49 /* Country Language.swift */; };
		C95B8AF52B7DCAC400536E49 /* Country Response.swift in Sources */ = {isa = PBXBuildFile; fileRef = C95B8AF42B7DCAC400536E49 /* Country Response.swift */; };
		C95B8AF72B7DCAF000536E49 /* Credential.swift in Sources */ = {isa = PBXBuildFile; fileRef = C95B8AF62B7DCAF000536E49 /* Credential.swift */; };
		C95B8AF92B7DCB1000536E49 /* Credential Generation Response.swift in Sources */ = {isa = PBXBuildFile; fileRef = C95B8AF82B7DCB1000536E49 /* Credential Generation Response.swift */; };
		C95B8AFB2B7DCB2700536E49 /* Credential Response.swift in Sources */ = {isa = PBXBuildFile; fileRef = C95B8AFA2B7DCB2700536E49 /* Credential Response.swift */; };
		C95B8AFD2B7DCB3300536E49 /* Currency.swift in Sources */ = {isa = PBXBuildFile; fileRef = C95B8AFC2B7DCB3300536E49 /* Currency.swift */; };
		C95B8AFF2B7DCB5C00536E49 /* Currency Exchange Rate.swift in Sources */ = {isa = PBXBuildFile; fileRef = C95B8AFE2B7DCB5C00536E49 /* Currency Exchange Rate.swift */; };
		C95B8B012B7DCB7200536E49 /* Currency Response.swift in Sources */ = {isa = PBXBuildFile; fileRef = C95B8B002B7DCB7200536E49 /* Currency Response.swift */; };
		C95B8B032B7DCB8400536E49 /* Denominations.swift in Sources */ = {isa = PBXBuildFile; fileRef = C95B8B022B7DCB8400536E49 /* Denominations.swift */; };
		C95B8B052B7DCBD800536E49 /* Eur.swift in Sources */ = {isa = PBXBuildFile; fileRef = C95B8B042B7DCBD800536E49 /* Eur.swift */; };
		C95B8B072B7DCBEF00536E49 /* Exchange Rate Response.swift in Sources */ = {isa = PBXBuildFile; fileRef = C95B8B062B7DCBEF00536E49 /* Exchange Rate Response.swift */; };
		C95B8B092B7DCC0800536E49 /* GBP.swift in Sources */ = {isa = PBXBuildFile; fileRef = C95B8B082B7DCC0800536E49 /* GBP.swift */; };
		C95B8B0B2B7DCC2100536E49 /* Gift Voucher.swift in Sources */ = {isa = PBXBuildFile; fileRef = C95B8B0A2B7DCC2100536E49 /* Gift Voucher.swift */; };
		C95B8B0D2B7DCC3600536E49 /* Image Gallery.swift in Sources */ = {isa = PBXBuildFile; fileRef = C95B8B0C2B7DCC3600536E49 /* Image Gallery.swift */; };
		C95B8B0F2B7DCC6400536E49 /* LBP.swift in Sources */ = {isa = PBXBuildFile; fileRef = C95B8B0E2B7DCC6400536E49 /* LBP.swift */; };
		C95B8B112B7DCC7C00536E49 /* Location City.swift in Sources */ = {isa = PBXBuildFile; fileRef = C95B8B102B7DCC7C00536E49 /* Location City.swift */; };
		C95B8B132B7DCCA900536E49 /* Order.swift in Sources */ = {isa = PBXBuildFile; fileRef = C95B8B122B7DCCA900536E49 /* Order.swift */; };
		C95B8B152B7DCCC700536E49 /* Ordered Amount.swift in Sources */ = {isa = PBXBuildFile; fileRef = C95B8B142B7DCCC700536E49 /* Ordered Amount.swift */; };
		C95B8B172B7DCCDE00536E49 /* Order Exchange Rate.swift in Sources */ = {isa = PBXBuildFile; fileRef = C95B8B162B7DCCDE00536E49 /* Order Exchange Rate.swift */; };
		C95B8B192B7DCCF700536E49 /* Order Response.swift in Sources */ = {isa = PBXBuildFile; fileRef = C95B8B182B7DCCF700536E49 /* Order Response.swift */; };
		C95B8B1B2B7DCD0E00536E49 /* Qar.swift in Sources */ = {isa = PBXBuildFile; fileRef = C95B8B1A2B7DCD0E00536E49 /* Qar.swift */; };
		C95B8B1D2B7DCD2200536E49 /* Sar.swift in Sources */ = {isa = PBXBuildFile; fileRef = C95B8B1C2B7DCD2200536E49 /* Sar.swift */; };
		C95B8B1F2B7DCD3700536E49 /* USD.swift in Sources */ = {isa = PBXBuildFile; fileRef = C95B8B1E2B7DCD3700536E49 /* USD.swift */; };
		C95B8B212B7DCD4F00536E49 /* Utlized Details.swift in Sources */ = {isa = PBXBuildFile; fileRef = C95B8B202B7DCD4F00536E49 /* Utlized Details.swift */; };
		C95B8B232B7DCD6900536E49 /* Webhook.swift in Sources */ = {isa = PBXBuildFile; fileRef = C95B8B222B7DCD6900536E49 /* Webhook.swift */; };
		C95B8B252B7DCD8B00536E49 /* Webhooks Activation Response.swift in Sources */ = {isa = PBXBuildFile; fileRef = C95B8B242B7DCD8B00536E49 /* Webhooks Activation Response.swift */; };
		C95B8B272B7DCDA400536E49 /* Webhooks Deactivation Response.swift in Sources */ = {isa = PBXBuildFile; fileRef = C95B8B262B7DCDA400536E49 /* Webhooks Deactivation Response.swift */; };
		C95B8B292B7DCDC600536E49 /* Webhooks Response.swift in Sources */ = {isa = PBXBuildFile; fileRef = C95B8B282B7DCDC600536E49 /* Webhooks Response.swift */; };
		C9E383902B7DA1E300F348C2 /* intergrated_billersApp.swift in Sources */ = {isa = PBXBuildFile; fileRef = C9E3838F2B7DA1E300F348C2 /* intergrated_billersApp.swift */; };
		C9E383922B7DA1E300F348C2 /* ContentView.swift in Sources */ = {isa = PBXBuildFile; fileRef = C9E383912B7DA1E300F348C2 /* ContentView.swift */; };
		C9E383942B7DA1E400F348C2 /* Assets.xcassets in Resources */ = {isa = PBXBuildFile; fileRef = C9E383932B7DA1E400F348C2 /* Assets.xcassets */; };
		C9E383972B7DA1E400F348C2 /* Preview Assets.xcassets in Resources */ = {isa = PBXBuildFile; fileRef = C9E383962B7DA1E400F348C2 /* Preview Assets.xcassets */; };
		C9E383A12B7DA1E400F348C2 /* intergrated_billersTests.swift in Sources */ = {isa = PBXBuildFile; fileRef = C9E383A02B7DA1E400F348C2 /* intergrated_billersTests.swift */; };
		C9E383AB2B7DA1E400F348C2 /* intergrated_billersUITests.swift in Sources */ = {isa = PBXBuildFile; fileRef = C9E383AA2B7DA1E400F348C2 /* intergrated_billersUITests.swift */; };
		C9E383AD2B7DA1E400F348C2 /* intergrated_billersUITestsLaunchTests.swift in Sources */ = {isa = PBXBuildFile; fileRef = C9E383AC2B7DA1E400F348C2 /* intergrated_billersUITestsLaunchTests.swift */; };
/* End PBXBuildFile section */

/* Begin PBXContainerItemProxy section */
		C9E3839D2B7DA1E400F348C2 /* PBXContainerItemProxy */ = {
			isa = PBXContainerItemProxy;
			containerPortal = C9E383842B7DA1E300F348C2 /* Project object */;
			proxyType = 1;
			remoteGlobalIDString = C9E3838B2B7DA1E300F348C2;
			remoteInfo = "intergrated-billers";
		};
		C9E383A72B7DA1E400F348C2 /* PBXContainerItemProxy */ = {
			isa = PBXContainerItemProxy;
			containerPortal = C9E383842B7DA1E300F348C2 /* Project object */;
			proxyType = 1;
			remoteGlobalIDString = C9E3838B2B7DA1E300F348C2;
			remoteInfo = "intergrated-billers";
		};
/* End PBXContainerItemProxy section */

/* Begin PBXFileReference section */
		C92C712D2B802A4000B628E9 /* TopupConnectApiHandler.swift */ = {isa = PBXFileReference; lastKnownFileType = sourcecode.swift; path = TopupConnectApiHandler.swift; sourceTree = "<group>"; };
		C92C71512B802F5600B628E9 /* GiftApiHandler.swift */ = {isa = PBXFileReference; lastKnownFileType = sourcecode.swift; path = GiftApiHandler.swift; sourceTree = "<group>"; };
		C95B89BC2B7DB11300536E49 /* canceltransferrequest.swift */ = {isa = PBXFileReference; lastKnownFileType = sourcecode.swift; path = canceltransferrequest.swift; sourceTree = "<group>"; };
		C95B89BE2B7DB13400536E49 /* estimatepricerequest.swift */ = {isa = PBXFileReference; lastKnownFileType = sourcecode.swift; path = estimatepricerequest.swift; sourceTree = "<group>"; };
		C95B89C02B7DB14700536E49 /* ListTransferRecordRequest.swift */ = {isa = PBXFileReference; lastKnownFileType = sourcecode.swift; path = ListTransferRecordRequest.swift; sourceTree = "<group>"; };
		C95B89C22B7DB15800536E49 /* LookupBillsRequest.swift */ = {isa = PBXFileReference; lastKnownFileType = sourcecode.swift; path = LookupBillsRequest.swift; sourceTree = "<group>"; };
		C95B89C42B7DB17000536E49 /* SendTransferRequest.swift */ = {isa = PBXFileReference; lastKnownFileType = sourcecode.swift; path = SendTransferRequest.swift; sourceTree = "<group>"; };
		C95B89C62B7DB1BC00536E49 /* Setting.swift */ = {isa = PBXFileReference; lastKnownFileType = sourcecode.swift; path = Setting.swift; sourceTree = "<group>"; };
		C95B8A3C2B7DB75B00536E49 /* balance amount.swift */ = {isa = PBXFileReference; lastKnownFileType = sourcecode.swift; path = "balance amount.swift"; sourceTree = "<group>"; };
		C95B8A3E2B7DB78200536E49 /* brand accepted amount.swift */ = {isa = PBXFileReference; lastKnownFileType = sourcecode.swift; path = "brand accepted amount.swift"; sourceTree = "<group>"; };
		C95B8A402B7DB78F00536E49 /* Brand details.swift */ = {isa = PBXFileReference; lastKnownFileType = sourcecode.swift; path = "Brand details.swift"; sourceTree = "<group>"; };
		C95B8A422B7DB7CA00536E49 /* Credential Acvitation Request.swift */ = {isa = PBXFileReference; lastKnownFileType = sourcecode.swift; path = "Credential Acvitation Request.swift"; sourceTree = "<group>"; };
		C95B8A442B7DB7E200536E49 /* credential activation response.swift */ = {isa = PBXFileReference; lastKnownFileType = sourcecode.swift; path = "credential activation response.swift"; sourceTree = "<group>"; };
		C95B8A462B7DB87500536E49 /* egift card.swift */ = {isa = PBXFileReference; lastKnownFileType = sourcecode.swift; path = "egift card.swift"; sourceTree = "<group>"; };
		C95B8A482B7DB8AB00536E49 /* Exchange Rate.swift */ = {isa = PBXFileReference; lastKnownFileType = sourcecode.swift; path = "Exchange Rate.swift"; sourceTree = "<group>"; };
		C95B8A4A2B7DB8CE00536E49 /* Extra Fielda.swift */ = {isa = PBXFileReference; lastKnownFileType = sourcecode.swift; path = "Extra Fielda.swift"; sourceTree = "<group>"; };
		C95B8A4C2B7DB90900536E49 /* Gift Voucher.swift */ = {isa = PBXFileReference; lastKnownFileType = sourcecode.swift; path = "Gift Voucher.swift"; sourceTree = "<group>"; };
		C95B8A4E2B7DB92800536E49 /* Order Create Request.swift */ = {isa = PBXFileReference; lastKnownFileType = sourcecode.swift; path = "Order Create Request.swift"; sourceTree = "<group>"; };
		C95B8A502B7DB94400536E49 /* Order create response.swift */ = {isa = PBXFileReference; lastKnownFileType = sourcecode.swift; path = "Order create response.swift"; sourceTree = "<group>"; };
		C95B8A522B7DB96000536E49 /* Ordered Amount.swift */ = {isa = PBXFileReference; lastKnownFileType = sourcecode.swift; path = "Ordered Amount.swift"; sourceTree = "<group>"; };
		C95B8A542B7DB97E00536E49 /* Simulate webhook response.swift */ = {isa = PBXFileReference; lastKnownFileType = sourcecode.swift; path = "Simulate webhook response.swift"; sourceTree = "<group>"; };
		C95B8A562B7DB99A00536E49 /* Topup Request.swift */ = {isa = PBXFileReference; lastKnownFileType = sourcecode.swift; path = "Topup Request.swift"; sourceTree = "<group>"; };
		C95B8A582B7DB9BD00536E49 /* Topup Response.swift */ = {isa = PBXFileReference; lastKnownFileType = sourcecode.swift; path = "Topup Response.swift"; sourceTree = "<group>"; };
		C95B8A5A2B7DB9DA00536E49 /* Webhook create request.swift */ = {isa = PBXFileReference; lastKnownFileType = sourcecode.swift; path = "Webhook create request.swift"; sourceTree = "<group>"; };
		C95B8A5C2B7DB9E800536E49 /* Webhook Create Response.swift */ = {isa = PBXFileReference; lastKnownFileType = sourcecode.swift; path = "Webhook Create Response.swift"; sourceTree = "<group>"; };
		C95B8A642B7DBAD600536E49 /* APIservice.swift */ = {isa = PBXFileReference; lastKnownFileType = sourcecode.swift; path = APIservice.swift; sourceTree = "<group>"; };
		C95B8A662B7DBB2300536E49 /* TopupAPIservice.swift */ = {isa = PBXFileReference; lastKnownFileType = sourcecode.swift; path = TopupAPIservice.swift; sourceTree = "<group>"; };
		C95B8A682B7DBB7200536E49 /* Gift API service.swift */ = {isa = PBXFileReference; lastKnownFileType = sourcecode.swift; path = "Gift API service.swift"; sourceTree = "<group>"; };
		C95B8A6A2B7DBBBE00536E49 /* Retro Fit Client.swift */ = {isa = PBXFileReference; lastKnownFileType = sourcecode.swift; path = "Retro Fit Client.swift"; sourceTree = "<group>"; };
		C95B8A6C2B7DBBEC00536E49 /* API Handler.swift */ = {isa = PBXFileReference; lastKnownFileType = sourcecode.swift; path = "API Handler.swift"; sourceTree = "<group>"; };
		C95B8A6E2B7DBBFD00536E49 /* API Response Callback.swift */ = {isa = PBXFileReference; lastKnownFileType = sourcecode.swift; path = "API Response Callback.swift"; sourceTree = "<group>"; };
		C95B8A702B7DBC1C00536E49 /* Topup Connect API Handler.swift */ = {isa = PBXFileReference; lastKnownFileType = sourcecode.swift; path = "Topup Connect API Handler.swift"; sourceTree = "<group>"; };
		C95B8A722B7DBC3000536E49 /* Gift API Handler.swift */ = {isa = PBXFileReference; lastKnownFileType = sourcecode.swift; path = "Gift API Handler.swift"; sourceTree = "<group>"; };
		C95B8A742B7DC20B00536E49 /* Account Lookup.swift */ = {isa = PBXFileReference; lastKnownFileType = sourcecode.swift; path = "Account Lookup.swift"; sourceTree = "<group>"; };
		C95B8A762B7DC22200536E49 /* Account lookup Item.swift */ = {isa = PBXFileReference; lastKnownFileType = sourcecode.swift; path = "Account lookup Item.swift"; sourceTree = "<group>"; };
		C95B8A782B7DC25700536E49 /* Additional Info.swift */ = {isa = PBXFileReference; lastKnownFileType = sourcecode.swift; path = "Additional Info.swift"; sourceTree = "<group>"; };
		C95B8A7A2B7DC26F00536E49 /* Balance.swift */ = {isa = PBXFileReference; lastKnownFileType = sourcecode.swift; path = Balance.swift; sourceTree = "<group>"; };
		C95B8A7C2B7DC28600536E49 /* Bonuse.swift */ = {isa = PBXFileReference; lastKnownFileType = sourcecode.swift; path = Bonuse.swift; sourceTree = "<group>"; };
		C95B8A7E2B7DC2AC00536E49 /* Cancel Transfer.swift */ = {isa = PBXFileReference; lastKnownFileType = sourcecode.swift; path = "Cancel Transfer.swift"; sourceTree = "<group>"; };
		C95B8A802B7DC2BE00536E49 /* Cancel Transfer Item.swift */ = {isa = PBXFileReference; lastKnownFileType = sourcecode.swift; path = "Cancel Transfer Item.swift"; sourceTree = "<group>"; };
		C95B8A822B7DC2D800536E49 /* Country.swift */ = {isa = PBXFileReference; lastKnownFileType = sourcecode.swift; path = Country.swift; sourceTree = "<group>"; };
		C95B8A842B7DC2E000536E49 /* Country Item.swift */ = {isa = PBXFileReference; lastKnownFileType = sourcecode.swift; path = "Country Item.swift"; sourceTree = "<group>"; };
		C95B8A862B7DC2E800536E49 /* Currency.swift */ = {isa = PBXFileReference; lastKnownFileType = sourcecode.swift; path = Currency.swift; sourceTree = "<group>"; };
		C95B8A882B7DC34500536E49 /* Currency Item.swift */ = {isa = PBXFileReference; lastKnownFileType = sourcecode.swift; path = "Currency Item.swift"; sourceTree = "<group>"; };
		C95B8A8A2B7DC36900536E49 /* Error Code.swift */ = {isa = PBXFileReference; lastKnownFileType = sourcecode.swift; path = "Error Code.swift"; sourceTree = "<group>"; };
		C95B8A8C2B7DC39F00536E49 /* Error Code Description.swift */ = {isa = PBXFileReference; lastKnownFileType = sourcecode.swift; path = "Error Code Description.swift"; sourceTree = "<group>"; };
		C95B8A8E2B7DC3E400536E49 /* Error Code Description Item.swift */ = {isa = PBXFileReference; lastKnownFileType = sourcecode.swift; path = "Error Code Description Item.swift"; sourceTree = "<group>"; };
		C95B8A902B7DC40600536E49 /* Estimate Price.swift */ = {isa = PBXFileReference; lastKnownFileType = sourcecode.swift; path = "Estimate Price.swift"; sourceTree = "<group>"; };
		C95B8A922B7DC42C00536E49 /* Estimate Price Item.swift */ = {isa = PBXFileReference; lastKnownFileType = sourcecode.swift; path = "Estimate Price Item.swift"; sourceTree = "<group>"; };
		C95B8A942B7DC44F00536E49 /* International Dialing Information.swift */ = {isa = PBXFileReference; lastKnownFileType = sourcecode.swift; path = "International Dialing Information.swift"; sourceTree = "<group>"; };
		C95B8A962B7DC46D00536E49 /* List Transfer Record.swift */ = {isa = PBXFileReference; lastKnownFileType = sourcecode.swift; path = "List Transfer Record.swift"; sourceTree = "<group>"; };
		C95B8A982B7DC48100536E49 /* List Transfer Record Item.swift */ = {isa = PBXFileReference; lastKnownFileType = sourcecode.swift; path = "List Transfer Record Item.swift"; sourceTree = "<group>"; };
		C95B8A9A2B7DC4A900536E49 /* Lookup Bill Item.swift */ = {isa = PBXFileReference; lastKnownFileType = sourcecode.swift; path = "Lookup Bill Item.swift"; sourceTree = "<group>"; };
		C95B8A9C2B7DC4E700536E49 /* Lookup Bill.swift */ = {isa = PBXFileReference; lastKnownFileType = sourcecode.swift; path = "Lookup Bill.swift"; sourceTree = "<group>"; };
		C95B8A9E2B7DC51E00536E49 /* Maximum.swift */ = {isa = PBXFileReference; lastKnownFileType = sourcecode.swift; path = Maximum.swift; sourceTree = "<group>"; };
		C95B8AA02B7DC52700536E49 /* Minimum.swift */ = {isa = PBXFileReference; lastKnownFileType = sourcecode.swift; path = Minimum.swift; sourceTree = "<group>"; };
		C95B8AA22B7DC54E00536E49 /* Price.swift */ = {isa = PBXFileReference; lastKnownFileType = sourcecode.swift; path = Price.swift; sourceTree = "<group>"; };
		C95B8AA42B7DC55D00536E49 /* Product.swift */ = {isa = PBXFileReference; lastKnownFileType = sourcecode.swift; path = Product.swift; sourceTree = "<group>"; };
		C95B8AA62B7DC57B00536E49 /* Product Description.swift */ = {isa = PBXFileReference; lastKnownFileType = sourcecode.swift; path = "Product Description.swift"; sourceTree = "<group>"; };
		C95B8AA82B7DC5F200536E49 /* Product Description Item.swift */ = {isa = PBXFileReference; lastKnownFileType = sourcecode.swift; path = "Product Description Item.swift"; sourceTree = "<group>"; };
		C95B8AAA2B7DC60700536E49 /* Product Item.swift */ = {isa = PBXFileReference; lastKnownFileType = sourcecode.swift; path = "Product Item.swift"; sourceTree = "<group>"; };
		C95B8AAC2B7DC63300536E49 /* Promotion.swift */ = {isa = PBXFileReference; lastKnownFileType = sourcecode.swift; path = Promotion.swift; sourceTree = "<group>"; };
		C95B8AAE2B7DC64700536E49 /* Promotion Description.swift */ = {isa = PBXFileReference; lastKnownFileType = sourcecode.swift; path = "Promotion Description.swift"; sourceTree = "<group>"; };
		C95B8AB02B7DC68100536E49 /* Promotion Description Item.swift */ = {isa = PBXFileReference; lastKnownFileType = sourcecode.swift; path = "Promotion Description Item.swift"; sourceTree = "<group>"; };
		C95B8AB22B7DC69B00536E49 /* Promotion Item.swift */ = {isa = PBXFileReference; lastKnownFileType = sourcecode.swift; path = "Promotion Item.swift"; sourceTree = "<group>"; };
		C95B8AB42B7DC6BE00536E49 /* Provider.swift */ = {isa = PBXFileReference; lastKnownFileType = sourcecode.swift; path = Provider.swift; sourceTree = "<group>"; };
		C95B8AB62B7DC6D300536E49 /* Provider Item.swift */ = {isa = PBXFileReference; lastKnownFileType = sourcecode.swift; path = "Provider Item.swift"; sourceTree = "<group>"; };
		C95B8AB82B7DC6DD00536E49 /* Provider Status.swift */ = {isa = PBXFileReference; lastKnownFileType = sourcecode.swift; path = "Provider Status.swift"; sourceTree = "<group>"; };
		C95B8ABA2B7DC6F700536E49 /* Provider Status Item.swift */ = {isa = PBXFileReference; lastKnownFileType = sourcecode.swift; path = "Provider Status Item.swift"; sourceTree = "<group>"; };
		C95B8ABC2B7DC72400536E49 /* ReceiptParams.swift */ = {isa = PBXFileReference; lastKnownFileType = sourcecode.swift; path = ReceiptParams.swift; sourceTree = "<group>"; };
		C95B8ABE2B7DC73B00536E49 /* Region.swift */ = {isa = PBXFileReference; lastKnownFileType = sourcecode.swift; path = Region.swift; sourceTree = "<group>"; };
		C95B8AC02B7DC75100536E49 /* Region Item.swift */ = {isa = PBXFileReference; lastKnownFileType = sourcecode.swift; path = "Region Item.swift"; sourceTree = "<group>"; };
		C95B8AC22B7DC76D00536E49 /* Send Amount.swift */ = {isa = PBXFileReference; lastKnownFileType = sourcecode.swift; path = "Send Amount.swift"; sourceTree = "<group>"; };
		C95B8AC42B7DC78B00536E49 /* Service Response.swift */ = {isa = PBXFileReference; lastKnownFileType = sourcecode.swift; path = "Service Response.swift"; sourceTree = "<group>"; };
		C95B8AC62B7DC7A900536E49 /* Setting Definition.swift */ = {isa = PBXFileReference; lastKnownFileType = sourcecode.swift; path = "Setting Definition.swift"; sourceTree = "<group>"; };
		C95B8AC82B7DC7C500536E49 /* Transferld.swift */ = {isa = PBXFileReference; lastKnownFileType = sourcecode.swift; path = Transferld.swift; sourceTree = "<group>"; };
		C95B8ACA2B7DC7D900536E49 /* Transfer Record.swift */ = {isa = PBXFileReference; lastKnownFileType = sourcecode.swift; path = "Transfer Record.swift"; sourceTree = "<group>"; };
		C95B8ACC2B7DC80C00536E49 /* Transfer Record Response.swift */ = {isa = PBXFileReference; lastKnownFileType = sourcecode.swift; path = "Transfer Record Response.swift"; sourceTree = "<group>"; };
		C95B8ACE2B7DC87000536E49 /* Account Response.swift */ = {isa = PBXFileReference; lastKnownFileType = sourcecode.swift; path = "Account Response.swift"; sourceTree = "<group>"; };
		C95B8AD02B7DC88600536E49 /* Aed.swift */ = {isa = PBXFileReference; lastKnownFileType = sourcecode.swift; path = Aed.swift; sourceTree = "<group>"; };
		C95B8AD22B7DC8AD00536E49 /* Balance Amount.swift */ = {isa = PBXFileReference; lastKnownFileType = sourcecode.swift; path = "Balance Amount.swift"; sourceTree = "<group>"; };
		C95B8AD42B7DC8C600536E49 /* BHD.swift */ = {isa = PBXFileReference; lastKnownFileType = sourcecode.swift; path = BHD.swift; sourceTree = "<group>"; };
		C95B8AD62B7DC8D400536E49 /* Brand.swift */ = {isa = PBXFileReference; lastKnownFileType = sourcecode.swift; path = Brand.swift; sourceTree = "<group>"; };
		C95B8AD82B7DC91000536E49 /* Brand Accepted Amount.swift */ = {isa = PBXFileReference; lastKnownFileType = sourcecode.swift; path = "Brand Accepted Amount.swift"; sourceTree = "<group>"; };
		C95B8ADA2B7DC91F00536E49 /* Brand Category.swift */ = {isa = PBXFileReference; lastKnownFileType = sourcecode.swift; path = "Brand Category.swift"; sourceTree = "<group>"; };
		C95B8ADC2B7DC94500536E49 /* Brand Country.swift */ = {isa = PBXFileReference; lastKnownFileType = sourcecode.swift; path = "Brand Country.swift"; sourceTree = "<group>"; };
		C95B8ADE2B7DC97100536E49 /* Brand Details.swift */ = {isa = PBXFileReference; lastKnownFileType = sourcecode.swift; path = "Brand Details.swift"; sourceTree = "<group>"; };
		C95B8AE02B7DC98E00536E49 /* Brand Location City Response.swift */ = {isa = PBXFileReference; lastKnownFileType = sourcecode.swift; path = "Brand Location City Response.swift"; sourceTree = "<group>"; };
		C95B8AE22B7DC99D00536E49 /* Brand Location Response.swift */ = {isa = PBXFileReference; lastKnownFileType = sourcecode.swift; path = "Brand Location Response.swift"; sourceTree = "<group>"; };
		C95B8AE42B7DC9C900536E49 /* Brand Response.swift */ = {isa = PBXFileReference; lastKnownFileType = sourcecode.swift; path = "Brand Response.swift"; sourceTree = "<group>"; };
		C95B8AE62B7DC9E600536E49 /* Category.swift */ = {isa = PBXFileReference; lastKnownFileType = sourcecode.swift; path = Category.swift; sourceTree = "<group>"; };
		C95B8AE82B7DC9FB00536E49 /* Category Response.swift */ = {isa = PBXFileReference; lastKnownFileType = sourcecode.swift; path = "Category Response.swift"; sourceTree = "<group>"; };
		C95B8AEA2B7DCA0E00536E49 /* City.swift */ = {isa = PBXFileReference; lastKnownFileType = sourcecode.swift; path = City.swift; sourceTree = "<group>"; };
		C95B8AEC2B7DCA3500536E49 /* Conversion Rates.swift */ = {isa = PBXFileReference; lastKnownFileType = sourcecode.swift; path = "Conversion Rates.swift"; sourceTree = "<group>"; };
		C95B8AEE2B7DCA5600536E49 /* Country.swift */ = {isa = PBXFileReference; lastKnownFileType = sourcecode.swift; path = Country.swift; sourceTree = "<group>"; };
		C95B8AF02B7DCA8900536E49 /* Country Currency.swift */ = {isa = PBXFileReference; lastKnownFileType = sourcecode.swift; path = "Country Currency.swift"; sourceTree = "<group>"; };
		C95B8AF22B7DCAA700536E49 /* Country Language.swift */ = {isa = PBXFileReference; lastKnownFileType = sourcecode.swift; path = "Country Language.swift"; sourceTree = "<group>"; };
		C95B8AF42B7DCAC400536E49 /* Country Response.swift */ = {isa = PBXFileReference; lastKnownFileType = sourcecode.swift; path = "Country Response.swift"; sourceTree = "<group>"; };
		C95B8AF62B7DCAF000536E49 /* Credential.swift */ = {isa = PBXFileReference; lastKnownFileType = sourcecode.swift; path = Credential.swift; sourceTree = "<group>"; };
		C95B8AF82B7DCB1000536E49 /* Credential Generation Response.swift */ = {isa = PBXFileReference; lastKnownFileType = sourcecode.swift; path = "Credential Generation Response.swift"; sourceTree = "<group>"; };
		C95B8AFA2B7DCB2700536E49 /* Credential Response.swift */ = {isa = PBXFileReference; lastKnownFileType = sourcecode.swift; path = "Credential Response.swift"; sourceTree = "<group>"; };
		C95B8AFC2B7DCB3300536E49 /* Currency.swift */ = {isa = PBXFileReference; lastKnownFileType = sourcecode.swift; path = Currency.swift; sourceTree = "<group>"; };
		C95B8AFE2B7DCB5C00536E49 /* Currency Exchange Rate.swift */ = {isa = PBXFileReference; lastKnownFileType = sourcecode.swift; path = "Currency Exchange Rate.swift"; sourceTree = "<group>"; };
		C95B8B002B7DCB7200536E49 /* Currency Response.swift */ = {isa = PBXFileReference; lastKnownFileType = sourcecode.swift; path = "Currency Response.swift"; sourceTree = "<group>"; };
		C95B8B022B7DCB8400536E49 /* Denominations.swift */ = {isa = PBXFileReference; lastKnownFileType = sourcecode.swift; path = Denominations.swift; sourceTree = "<group>"; };
		C95B8B042B7DCBD800536E49 /* Eur.swift */ = {isa = PBXFileReference; lastKnownFileType = sourcecode.swift; path = Eur.swift; sourceTree = "<group>"; };
		C95B8B062B7DCBEF00536E49 /* Exchange Rate Response.swift */ = {isa = PBXFileReference; lastKnownFileType = sourcecode.swift; path = "Exchange Rate Response.swift"; sourceTree = "<group>"; };
		C95B8B082B7DCC0800536E49 /* GBP.swift */ = {isa = PBXFileReference; lastKnownFileType = sourcecode.swift; path = GBP.swift; sourceTree = "<group>"; };
		C95B8B0A2B7DCC2100536E49 /* Gift Voucher.swift */ = {isa = PBXFileReference; lastKnownFileType = sourcecode.swift; path = "Gift Voucher.swift"; sourceTree = "<group>"; };
		C95B8B0C2B7DCC3600536E49 /* Image Gallery.swift */ = {isa = PBXFileReference; lastKnownFileType = sourcecode.swift; path = "Image Gallery.swift"; sourceTree = "<group>"; };
		C95B8B0E2B7DCC6400536E49 /* LBP.swift */ = {isa = PBXFileReference; lastKnownFileType = sourcecode.swift; path = LBP.swift; sourceTree = "<group>"; };
		C95B8B102B7DCC7C00536E49 /* Location City.swift */ = {isa = PBXFileReference; lastKnownFileType = sourcecode.swift; path = "Location City.swift"; sourceTree = "<group>"; };
		C95B8B122B7DCCA900536E49 /* Order.swift */ = {isa = PBXFileReference; lastKnownFileType = sourcecode.swift; path = Order.swift; sourceTree = "<group>"; };
		C95B8B142B7DCCC700536E49 /* Ordered Amount.swift */ = {isa = PBXFileReference; lastKnownFileType = sourcecode.swift; path = "Ordered Amount.swift"; sourceTree = "<group>"; };
		C95B8B162B7DCCDE00536E49 /* Order Exchange Rate.swift */ = {isa = PBXFileReference; lastKnownFileType = sourcecode.swift; path = "Order Exchange Rate.swift"; sourceTree = "<group>"; };
		C95B8B182B7DCCF700536E49 /* Order Response.swift */ = {isa = PBXFileReference; lastKnownFileType = sourcecode.swift; path = "Order Response.swift"; sourceTree = "<group>"; };
		C95B8B1A2B7DCD0E00536E49 /* Qar.swift */ = {isa = PBXFileReference; lastKnownFileType = sourcecode.swift; path = Qar.swift; sourceTree = "<group>"; };
		C95B8B1C2B7DCD2200536E49 /* Sar.swift */ = {isa = PBXFileReference; lastKnownFileType = sourcecode.swift; path = Sar.swift; sourceTree = "<group>"; };
		C95B8B1E2B7DCD3700536E49 /* USD.swift */ = {isa = PBXFileReference; lastKnownFileType = sourcecode.swift; path = USD.swift; sourceTree = "<group>"; };
		C95B8B202B7DCD4F00536E49 /* Utlized Details.swift */ = {isa = PBXFileReference; lastKnownFileType = sourcecode.swift; path = "Utlized Details.swift"; sourceTree = "<group>"; };
		C95B8B222B7DCD6900536E49 /* Webhook.swift */ = {isa = PBXFileReference; lastKnownFileType = sourcecode.swift; path = Webhook.swift; sourceTree = "<group>"; };
		C95B8B242B7DCD8B00536E49 /* Webhooks Activation Response.swift */ = {isa = PBXFileReference; lastKnownFileType = sourcecode.swift; path = "Webhooks Activation Response.swift"; sourceTree = "<group>"; };
		C95B8B262B7DCDA400536E49 /* Webhooks Deactivation Response.swift */ = {isa = PBXFileReference; lastKnownFileType = sourcecode.swift; path = "Webhooks Deactivation Response.swift"; sourceTree = "<group>"; };
		C95B8B282B7DCDC600536E49 /* Webhooks Response.swift */ = {isa = PBXFileReference; lastKnownFileType = sourcecode.swift; path = "Webhooks Response.swift"; sourceTree = "<group>"; };
		C9E3838C2B7DA1E300F348C2 /* intergrated-billers.app */ = {isa = PBXFileReference; explicitFileType = wrapper.application; includeInIndex = 0; path = "intergrated-billers.app"; sourceTree = BUILT_PRODUCTS_DIR; };
		C9E3838F2B7DA1E300F348C2 /* intergrated_billersApp.swift */ = {isa = PBXFileReference; lastKnownFileType = sourcecode.swift; path = intergrated_billersApp.swift; sourceTree = "<group>"; };
		C9E383912B7DA1E300F348C2 /* ContentView.swift */ = {isa = PBXFileReference; lastKnownFileType = sourcecode.swift; path = ContentView.swift; sourceTree = "<group>"; };
		C9E383932B7DA1E400F348C2 /* Assets.xcassets */ = {isa = PBXFileReference; lastKnownFileType = folder.assetcatalog; path = Assets.xcassets; sourceTree = "<group>"; };
		C9E383962B7DA1E400F348C2 /* Preview Assets.xcassets */ = {isa = PBXFileReference; lastKnownFileType = folder.assetcatalog; path = "Preview Assets.xcassets"; sourceTree = "<group>"; };
		C9E3839C2B7DA1E400F348C2 /* intergrated-billersTests.xctest */ = {isa = PBXFileReference; explicitFileType = wrapper.cfbundle; includeInIndex = 0; path = "intergrated-billersTests.xctest"; sourceTree = BUILT_PRODUCTS_DIR; };
		C9E383A02B7DA1E400F348C2 /* intergrated_billersTests.swift */ = {isa = PBXFileReference; lastKnownFileType = sourcecode.swift; path = intergrated_billersTests.swift; sourceTree = "<group>"; };
		C9E383A62B7DA1E400F348C2 /* intergrated-billersUITests.xctest */ = {isa = PBXFileReference; explicitFileType = wrapper.cfbundle; includeInIndex = 0; path = "intergrated-billersUITests.xctest"; sourceTree = BUILT_PRODUCTS_DIR; };
		C9E383AA2B7DA1E400F348C2 /* intergrated_billersUITests.swift */ = {isa = PBXFileReference; lastKnownFileType = sourcecode.swift; path = intergrated_billersUITests.swift; sourceTree = "<group>"; };
		C9E383AC2B7DA1E400F348C2 /* intergrated_billersUITestsLaunchTests.swift */ = {isa = PBXFileReference; lastKnownFileType = sourcecode.swift; path = intergrated_billersUITestsLaunchTests.swift; sourceTree = "<group>"; };
/* End PBXFileReference section */

/* Begin PBXFrameworksBuildPhase section */
		C9E383892B7DA1E300F348C2 /* Frameworks */ = {
			isa = PBXFrameworksBuildPhase;
			buildActionMask = 2147483647;
			files = (
			);
			runOnlyForDeploymentPostprocessing = 0;
		};
		C9E383992B7DA1E400F348C2 /* Frameworks */ = {
			isa = PBXFrameworksBuildPhase;
			buildActionMask = 2147483647;
			files = (
			);
			runOnlyForDeploymentPostprocessing = 0;
		};
		C9E383A32B7DA1E400F348C2 /* Frameworks */ = {
			isa = PBXFrameworksBuildPhase;
			buildActionMask = 2147483647;
			files = (
			);
			runOnlyForDeploymentPostprocessing = 0;
		};
/* End PBXFrameworksBuildPhase section */

/* Begin PBXGroup section */
		C92C712B2B80290500B628E9 /* sources */ = {
			isa = PBXGroup;
			children = (
				C92C712C2B8029C400B628E9 /* billers */,
			);
			path = sources;
			sourceTree = "<group>";
		};
		C92C712C2B8029C400B628E9 /* billers */ = {
			isa = PBXGroup;
			children = (
				C92C712D2B802A4000B628E9 /* TopupConnectApiHandler.swift */,
				C92C71512B802F5600B628E9 /* GiftApiHandler.swift */,
			);
			path = billers;
			sourceTree = "<group>";
		};
		C95B8A362B7DB56200536E49 /* topup */ = {
			isa = PBXGroup;
			children = (
				C95B89C62B7DB1BC00536E49 /* Setting.swift */,
				C95B89C42B7DB17000536E49 /* SendTransferRequest.swift */,
				C95B89C22B7DB15800536E49 /* LookupBillsRequest.swift */,
				C95B89C02B7DB14700536E49 /* ListTransferRecordRequest.swift */,
				C95B89BE2B7DB13400536E49 /* estimatepricerequest.swift */,
				C95B89BC2B7DB11300536E49 /* canceltransferrequest.swift */,
			);
			path = topup;
			sourceTree = "<group>";
		};
		C95B8A372B7DB58E00536E49 /* request */ = {
			isa = PBXGroup;
			children = (
				C95B8A3B2B7DB69A00536E49 /* gift */,
				C95B8A362B7DB56200536E49 /* topup */,
			);
			path = request;
			sourceTree = "<group>";
		};
		C95B8A3B2B7DB69A00536E49 /* gift */ = {
			isa = PBXGroup;
			children = (
				C95B8A3C2B7DB75B00536E49 /* balance amount.swift */,
				C95B8A442B7DB7E200536E49 /* credential activation response.swift */,
				C95B8A462B7DB87500536E49 /* egift card.swift */,
				C95B8A5C2B7DB9E800536E49 /* Webhook Create Response.swift */,
				C95B8A422B7DB7CA00536E49 /* Credential Acvitation Request.swift */,
				C95B8A522B7DB96000536E49 /* Ordered Amount.swift */,
				C95B8A562B7DB99A00536E49 /* Topup Request.swift */,
				C95B8A4C2B7DB90900536E49 /* Gift Voucher.swift */,
				C95B8A5A2B7DB9DA00536E49 /* Webhook create request.swift */,
				C95B8A502B7DB94400536E49 /* Order create response.swift */,
				C95B8A582B7DB9BD00536E49 /* Topup Response.swift */,
				C95B8A542B7DB97E00536E49 /* Simulate webhook response.swift */,
				C95B8A4E2B7DB92800536E49 /* Order Create Request.swift */,
				C95B8A4A2B7DB8CE00536E49 /* Extra Fielda.swift */,
				C95B8A402B7DB78F00536E49 /* Brand details.swift */,
				C95B8A482B7DB8AB00536E49 /* Exchange Rate.swift */,
				C95B8A3E2B7DB78200536E49 /* brand accepted amount.swift */,
			);
			path = gift;
			sourceTree = "<group>";
		};
		C95B8A5E2B7DBA0800536E49 /* response */ = {
			isa = PBXGroup;
			children = (
				C95B8A5F2B7DBA1F00536E49 /* topup */,
				C95B8A602B7DBA2600536E49 /* gift */,
			);
			name = response;
			path = request/gift/response;
			sourceTree = "<group>";
		};
		C95B8A5F2B7DBA1F00536E49 /* topup */ = {
			isa = PBXGroup;
			children = (
				C95B8A742B7DC20B00536E49 /* Account Lookup.swift */,
				C95B8A782B7DC25700536E49 /* Additional Info.swift */,
				C95B8A862B7DC2E800536E49 /* Currency.swift */,
				C95B8A7C2B7DC28600536E49 /* Bonuse.swift */,
				C95B8AB82B7DC6DD00536E49 /* Provider Status.swift */,
				C95B8A942B7DC44F00536E49 /* International Dialing Information.swift */,
				C95B8ACC2B7DC80C00536E49 /* Transfer Record Response.swift */,
				C95B8ACA2B7DC7D900536E49 /* Transfer Record.swift */,
				C95B8AC82B7DC7C500536E49 /* Transferld.swift */,
				C95B8AC62B7DC7A900536E49 /* Setting Definition.swift */,
				C95B8ABC2B7DC72400536E49 /* ReceiptParams.swift */,
				C95B8ABE2B7DC73B00536E49 /* Region.swift */,
				C95B8AC42B7DC78B00536E49 /* Service Response.swift */,
				C95B8AB62B7DC6D300536E49 /* Provider Item.swift */,
				C95B8AC22B7DC76D00536E49 /* Send Amount.swift */,
				C95B8AB42B7DC6BE00536E49 /* Provider.swift */,
				C95B8AC02B7DC75100536E49 /* Region Item.swift */,
				C95B8ABA2B7DC6F700536E49 /* Provider Status Item.swift */,
				C95B8AB02B7DC68100536E49 /* Promotion Description Item.swift */,
				C95B8AB22B7DC69B00536E49 /* Promotion Item.swift */,
				C95B8AAE2B7DC64700536E49 /* Promotion Description.swift */,
				C95B8AA02B7DC52700536E49 /* Minimum.swift */,
				C95B8A9A2B7DC4A900536E49 /* Lookup Bill Item.swift */,
				C95B8AAA2B7DC60700536E49 /* Product Item.swift */,
				C95B8A9E2B7DC51E00536E49 /* Maximum.swift */,
				C95B8A9C2B7DC4E700536E49 /* Lookup Bill.swift */,
				C95B8AAC2B7DC63300536E49 /* Promotion.swift */,
				C95B8AA42B7DC55D00536E49 /* Product.swift */,
				C95B8AA62B7DC57B00536E49 /* Product Description.swift */,
				C95B8A962B7DC46D00536E49 /* List Transfer Record.swift */,
				C95B8AA82B7DC5F200536E49 /* Product Description Item.swift */,
				C95B8A842B7DC2E000536E49 /* Country Item.swift */,
				C95B8AA22B7DC54E00536E49 /* Price.swift */,
				C95B8A982B7DC48100536E49 /* List Transfer Record Item.swift */,
				C95B8A8C2B7DC39F00536E49 /* Error Code Description.swift */,
				C95B8A922B7DC42C00536E49 /* Estimate Price Item.swift */,
				C95B8A902B7DC40600536E49 /* Estimate Price.swift */,
				C95B8A8E2B7DC3E400536E49 /* Error Code Description Item.swift */,
				C95B8A8A2B7DC36900536E49 /* Error Code.swift */,
				C95B8A882B7DC34500536E49 /* Currency Item.swift */,
				C95B8A822B7DC2D800536E49 /* Country.swift */,
				C95B8A7E2B7DC2AC00536E49 /* Cancel Transfer.swift */,
				C95B8A802B7DC2BE00536E49 /* Cancel Transfer Item.swift */,
				C95B8A7A2B7DC26F00536E49 /* Balance.swift */,
				C95B8A762B7DC22200536E49 /* Account lookup Item.swift */,
			);
			path = topup;
			sourceTree = "<group>";
		};
		C95B8A602B7DBA2600536E49 /* gift */ = {
			isa = PBXGroup;
			children = (
				C95B8ACE2B7DC87000536E49 /* Account Response.swift */,
				C95B8AD22B7DC8AD00536E49 /* Balance Amount.swift */,
				C95B8ADE2B7DC97100536E49 /* Brand Details.swift */,
				C95B8AFC2B7DCB3300536E49 /* Currency.swift */,
				C95B8B1A2B7DCD0E00536E49 /* Qar.swift */,
				C95B8B242B7DCD8B00536E49 /* Webhooks Activation Response.swift */,
				C95B8B282B7DCDC600536E49 /* Webhooks Response.swift */,
				C95B8B182B7DCCF700536E49 /* Order Response.swift */,
				C95B8B222B7DCD6900536E49 /* Webhook.swift */,
				C95B8B062B7DCBEF00536E49 /* Exchange Rate Response.swift */,
				C95B8B202B7DCD4F00536E49 /* Utlized Details.swift */,
				C95B8B262B7DCDA400536E49 /* Webhooks Deactivation Response.swift */,
				C95B8B122B7DCCA900536E49 /* Order.swift */,
				C95B8B1E2B7DCD3700536E49 /* USD.swift */,
				C95B8B162B7DCCDE00536E49 /* Order Exchange Rate.swift */,
				C95B8B1C2B7DCD2200536E49 /* Sar.swift */,
				C95B8B0E2B7DCC6400536E49 /* LBP.swift */,
				C95B8B102B7DCC7C00536E49 /* Location City.swift */,
				C95B8B142B7DCCC700536E49 /* Ordered Amount.swift */,
				C95B8B0A2B7DCC2100536E49 /* Gift Voucher.swift */,
				C95B8B082B7DCC0800536E49 /* GBP.swift */,
				C95B8AEA2B7DCA0E00536E49 /* City.swift */,
				C95B8B0C2B7DCC3600536E49 /* Image Gallery.swift */,
				C95B8B002B7DCB7200536E49 /* Currency Response.swift */,
				C95B8B042B7DCBD800536E49 /* Eur.swift */,
				C95B8AFE2B7DCB5C00536E49 /* Currency Exchange Rate.swift */,
				C95B8AFA2B7DCB2700536E49 /* Credential Response.swift */,
				C95B8AE02B7DC98E00536E49 /* Brand Location City Response.swift */,
				C95B8B022B7DCB8400536E49 /* Denominations.swift */,
				C95B8AF62B7DCAF000536E49 /* Credential.swift */,
				C95B8AF82B7DCB1000536E49 /* Credential Generation Response.swift */,
				C95B8AF42B7DCAC400536E49 /* Country Response.swift */,
				C95B8AEE2B7DCA5600536E49 /* Country.swift */,
				C95B8AE82B7DC9FB00536E49 /* Category Response.swift */,
				C95B8AF22B7DCAA700536E49 /* Country Language.swift */,
				C95B8AE22B7DC99D00536E49 /* Brand Location Response.swift */,
				C95B8AF02B7DCA8900536E49 /* Country Currency.swift */,
				C95B8AEC2B7DCA3500536E49 /* Conversion Rates.swift */,
				C95B8AE62B7DC9E600536E49 /* Category.swift */,
				C95B8AE42B7DC9C900536E49 /* Brand Response.swift */,
				C95B8AD62B7DC8D400536E49 /* Brand.swift */,
				C95B8ADC2B7DC94500536E49 /* Brand Country.swift */,
				C95B8ADA2B7DC91F00536E49 /* Brand Category.swift */,
				C95B8AD42B7DC8C600536E49 /* BHD.swift */,
				C95B8AD82B7DC91000536E49 /* Brand Accepted Amount.swift */,
				C95B8AD02B7DC88600536E49 /* Aed.swift */,
			);
			path = gift;
			sourceTree = "<group>";
		};
		C95B8A612B7DBA4F00536E49 /* rest */ = {
			isa = PBXGroup;
			children = (
				C95B8A6C2B7DBBEC00536E49 /* API Handler.swift */,
				C95B8A702B7DBC1C00536E49 /* Topup Connect API Handler.swift */,
				C95B8A722B7DBC3000536E49 /* Gift API Handler.swift */,
				C95B8A6E2B7DBBFD00536E49 /* API Response Callback.swift */,
			);
			path = rest;
			sourceTree = "<group>";
		};
		C95B8A622B7DBA5400536E49 /* retrofit */ = {
			isa = PBXGroup;
			children = (
				C95B8A6A2B7DBBBE00536E49 /* Retro Fit Client.swift */,
			);
			path = retrofit;
			sourceTree = "<group>";
		};
		C95B8A632B7DBA5C00536E49 /* services */ = {
			isa = PBXGroup;
			children = (
				C95B8A642B7DBAD600536E49 /* APIservice.swift */,
				C95B8A682B7DBB7200536E49 /* Gift API service.swift */,
				C95B8A662B7DBB2300536E49 /* TopupAPIservice.swift */,
			);
			path = services;
			sourceTree = "<group>";
		};
		C9E383832B7DA1E300F348C2 = {
			isa = PBXGroup;
			children = (
				C92C712B2B80290500B628E9 /* sources */,
				C95B8A632B7DBA5C00536E49 /* services */,
				C95B8A622B7DBA5400536E49 /* retrofit */,
				C95B8A612B7DBA4F00536E49 /* rest */,
				C95B8A5E2B7DBA0800536E49 /* response */,
				C95B8A372B7DB58E00536E49 /* request */,
				C9E3838E2B7DA1E300F348C2 /* intergrated-billers */,
				C9E3839F2B7DA1E400F348C2 /* intergrated-billersTests */,
				C9E383A92B7DA1E400F348C2 /* intergrated-billersUITests */,
				C9E3838D2B7DA1E300F348C2 /* Products */,
			);
			sourceTree = "<group>";
		};
		C9E3838D2B7DA1E300F348C2 /* Products */ = {
			isa = PBXGroup;
			children = (
				C9E3838C2B7DA1E300F348C2 /* intergrated-billers.app */,
				C9E3839C2B7DA1E400F348C2 /* intergrated-billersTests.xctest */,
				C9E383A62B7DA1E400F348C2 /* intergrated-billersUITests.xctest */,
			);
			name = Products;
			sourceTree = "<group>";
		};
		C9E3838E2B7DA1E300F348C2 /* intergrated-billers */ = {
			isa = PBXGroup;
			children = (
				C9E3838F2B7DA1E300F348C2 /* intergrated_billersApp.swift */,
				C9E383912B7DA1E300F348C2 /* ContentView.swift */,
				C9E383932B7DA1E400F348C2 /* Assets.xcassets */,
				C9E383952B7DA1E400F348C2 /* Preview Content */,
			);
			path = "intergrated-billers";
			sourceTree = "<group>";
		};
		C9E383952B7DA1E400F348C2 /* Preview Content */ = {
			isa = PBXGroup;
			children = (
				C9E383962B7DA1E400F348C2 /* Preview Assets.xcassets */,
			);
			path = "Preview Content";
			sourceTree = "<group>";
		};
		C9E3839F2B7DA1E400F348C2 /* intergrated-billersTests */ = {
			isa = PBXGroup;
			children = (
				C9E383A02B7DA1E400F348C2 /* intergrated_billersTests.swift */,
			);
			path = "intergrated-billersTests";
			sourceTree = "<group>";
		};
		C9E383A92B7DA1E400F348C2 /* intergrated-billersUITests */ = {
			isa = PBXGroup;
			children = (
				C9E383AA2B7DA1E400F348C2 /* intergrated_billersUITests.swift */,
				C9E383AC2B7DA1E400F348C2 /* intergrated_billersUITestsLaunchTests.swift */,
			);
			path = "intergrated-billersUITests";
			sourceTree = "<group>";
		};
/* End PBXGroup section */

/* Begin PBXNativeTarget section */
		C9E3838B2B7DA1E300F348C2 /* intergrated-billers */ = {
			isa = PBXNativeTarget;
			buildConfigurationList = C9E383B02B7DA1E400F348C2 /* Build configuration list for PBXNativeTarget "intergrated-billers" */;
			buildPhases = (
				C9E383882B7DA1E300F348C2 /* Sources */,
				C9E383892B7DA1E300F348C2 /* Frameworks */,
				C9E3838A2B7DA1E300F348C2 /* Resources */,
			);
			buildRules = (
			);
			dependencies = (
			);
			name = "intergrated-billers";
			productName = "intergrated-billers";
			productReference = C9E3838C2B7DA1E300F348C2 /* intergrated-billers.app */;
			productType = "com.apple.product-type.application";
		};
		C9E3839B2B7DA1E400F348C2 /* intergrated-billersTests */ = {
			isa = PBXNativeTarget;
			buildConfigurationList = C9E383B32B7DA1E400F348C2 /* Build configuration list for PBXNativeTarget "intergrated-billersTests" */;
			buildPhases = (
				C9E383982B7DA1E400F348C2 /* Sources */,
				C9E383992B7DA1E400F348C2 /* Frameworks */,
				C9E3839A2B7DA1E400F348C2 /* Resources */,
			);
			buildRules = (
			);
			dependencies = (
				C9E3839E2B7DA1E400F348C2 /* PBXTargetDependency */,
			);
			name = "intergrated-billersTests";
			productName = "intergrated-billersTests";
			productReference = C9E3839C2B7DA1E400F348C2 /* intergrated-billersTests.xctest */;
			productType = "com.apple.product-type.bundle.unit-test";
		};
		C9E383A52B7DA1E400F348C2 /* intergrated-billersUITests */ = {
			isa = PBXNativeTarget;
			buildConfigurationList = C9E383B62B7DA1E400F348C2 /* Build configuration list for PBXNativeTarget "intergrated-billersUITests" */;
			buildPhases = (
				C9E383A22B7DA1E400F348C2 /* Sources */,
				C9E383A32B7DA1E400F348C2 /* Frameworks */,
				C9E383A42B7DA1E400F348C2 /* Resources */,
			);
			buildRules = (
			);
			dependencies = (
				C9E383A82B7DA1E400F348C2 /* PBXTargetDependency */,
			);
			name = "intergrated-billersUITests";
			productName = "intergrated-billersUITests";
			productReference = C9E383A62B7DA1E400F348C2 /* intergrated-billersUITests.xctest */;
			productType = "com.apple.product-type.bundle.ui-testing";
		};
/* End PBXNativeTarget section */

/* Begin PBXProject section */
		C9E383842B7DA1E300F348C2 /* Project object */ = {
			isa = PBXProject;
			attributes = {
				BuildIndependentTargetsInParallel = 1;
				LastSwiftUpdateCheck = 1510;
				LastUpgradeCheck = 1510;
				TargetAttributes = {
					C9E3838B2B7DA1E300F348C2 = {
						CreatedOnToolsVersion = 15.1;
					};
					C9E3839B2B7DA1E400F348C2 = {
						CreatedOnToolsVersion = 15.1;
						TestTargetID = C9E3838B2B7DA1E300F348C2;
					};
					C9E383A52B7DA1E400F348C2 = {
						CreatedOnToolsVersion = 15.1;
						TestTargetID = C9E3838B2B7DA1E300F348C2;
					};
				};
			};
			buildConfigurationList = C9E383872B7DA1E300F348C2 /* Build configuration list for PBXProject "intergrated-billers" */;
			compatibilityVersion = "Xcode 14.0";
			developmentRegion = en;
			hasScannedForEncodings = 0;
			knownRegions = (
				en,
				Base,
			);
			mainGroup = C9E383832B7DA1E300F348C2;
			productRefGroup = C9E3838D2B7DA1E300F348C2 /* Products */;
			projectDirPath = "";
			projectRoot = "";
			targets = (
				C9E3838B2B7DA1E300F348C2 /* intergrated-billers */,
				C9E3839B2B7DA1E400F348C2 /* intergrated-billersTests */,
				C9E383A52B7DA1E400F348C2 /* intergrated-billersUITests */,
			);
		};
/* End PBXProject section */

/* Begin PBXResourcesBuildPhase section */
		C9E3838A2B7DA1E300F348C2 /* Resources */ = {
			isa = PBXResourcesBuildPhase;
			buildActionMask = 2147483647;
			files = (
				C9E383972B7DA1E400F348C2 /* Preview Assets.xcassets in Resources */,
				C9E383942B7DA1E400F348C2 /* Assets.xcassets in Resources */,
			);
			runOnlyForDeploymentPostprocessing = 0;
		};
		C9E3839A2B7DA1E400F348C2 /* Resources */ = {
			isa = PBXResourcesBuildPhase;
			buildActionMask = 2147483647;
			files = (
			);
			runOnlyForDeploymentPostprocessing = 0;
		};
		C9E383A42B7DA1E400F348C2 /* Resources */ = {
			isa = PBXResourcesBuildPhase;
			buildActionMask = 2147483647;
			files = (
			);
			runOnlyForDeploymentPostprocessing = 0;
		};
/* End PBXResourcesBuildPhase section */

/* Begin PBXSourcesBuildPhase section */
		C9E383882B7DA1E300F348C2 /* Sources */ = {
			isa = PBXSourcesBuildPhase;
			buildActionMask = 2147483647;
			files = (
				C95B8A452B7DB7E200536E49 /* credential activation response.swift in Sources */,
				C95B8A832B7DC2D800536E49 /* Country.swift in Sources */,
				C95B8AAB2B7DC60700536E49 /* Product Item.swift in Sources */,
				C95B8A792B7DC25700536E49 /* Additional Info.swift in Sources */,
				C95B8B012B7DCB7200536E49 /* Currency Response.swift in Sources */,
				C95B8AA72B7DC57B00536E49 /* Product Description.swift in Sources */,
				C95B89C32B7DB15800536E49 /* LookupBillsRequest.swift in Sources */,
				C95B8A892B7DC34500536E49 /* Currency Item.swift in Sources */,
				C95B8AE32B7DC99D00536E49 /* Brand Location Response.swift in Sources */,
				C95B8A972B7DC46D00536E49 /* List Transfer Record.swift in Sources */,
				C95B8AD32B7DC8AD00536E49 /* Balance Amount.swift in Sources */,
				C95B8B232B7DCD6900536E49 /* Webhook.swift in Sources */,
				C9E383922B7DA1E300F348C2 /* ContentView.swift in Sources */,
				C95B8ACB2B7DC7D900536E49 /* Transfer Record.swift in Sources */,
				C95B8B0B2B7DCC2100536E49 /* Gift Voucher.swift in Sources */,
				C95B8A5B2B7DB9DA00536E49 /* Webhook create request.swift in Sources */,
				C95B8A7B2B7DC26F00536E49 /* Balance.swift in Sources */,
				C95B8AB92B7DC6DD00536E49 /* Provider Status.swift in Sources */,
				C95B8AC92B7DC7C500536E49 /* Transferld.swift in Sources */,
				C95B8AF12B7DCA8900536E49 /* Country Currency.swift in Sources */,
				C95B8B1B2B7DCD0E00536E49 /* Qar.swift in Sources */,
				C95B8A572B7DB99A00536E49 /* Topup Request.swift in Sources */,
				C95B8AC32B7DC76D00536E49 /* Send Amount.swift in Sources */,
				C95B8A812B7DC2BE00536E49 /* Cancel Transfer Item.swift in Sources */,
				C95B8ADB2B7DC91F00536E49 /* Brand Category.swift in Sources */,
				C95B89BF2B7DB13400536E49 /* estimatepricerequest.swift in Sources */,
				C95B8AAF2B7DC64700536E49 /* Promotion Description.swift in Sources */,
				C95B8A752B7DC20B00536E49 /* Account Lookup.swift in Sources */,
				C95B8B192B7DCCF700536E49 /* Order Response.swift in Sources */,
				C95B8B152B7DCCC700536E49 /* Ordered Amount.swift in Sources */,
				C95B8A9D2B7DC4E700536E49 /* Lookup Bill.swift in Sources */,
				C95B8AFF2B7DCB5C00536E49 /* Currency Exchange Rate.swift in Sources */,
				C95B8AD92B7DC91000536E49 /* Brand Accepted Amount.swift in Sources */,
				C95B8AF52B7DCAC400536E49 /* Country Response.swift in Sources */,
				C95B8A952B7DC44F00536E49 /* International Dialing Information.swift in Sources */,
				C95B8AA52B7DC55D00536E49 /* Product.swift in Sources */,
				C95B8B172B7DCCDE00536E49 /* Order Exchange Rate.swift in Sources */,
				C95B8A552B7DB97E00536E49 /* Simulate webhook response.swift in Sources */,
				C95B8AFD2B7DCB3300536E49 /* Currency.swift in Sources */,
				C95B8A672B7DBB2300536E49 /* TopupAPIservice.swift in Sources */,
				C95B8A912B7DC40600536E49 /* Estimate Price.swift in Sources */,
				C95B8AC12B7DC75100536E49 /* Region Item.swift in Sources */,
				C95B8A6D2B7DBBEC00536E49 /* API Handler.swift in Sources */,
				C92C71522B802F5600B628E9 /* GiftApiHandler.swift in Sources */,
				C95B8A872B7DC2E800536E49 /* Currency.swift in Sources */,
				C95B8A532B7DB96000536E49 /* Ordered Amount.swift in Sources */,
				C95B8ABB2B7DC6F700536E49 /* Provider Status Item.swift in Sources */,
				C95B8AFB2B7DCB2700536E49 /* Credential Response.swift in Sources */,
				C95B8A9F2B7DC51E00536E49 /* Maximum.swift in Sources */,
				C95B8A732B7DBC3000536E49 /* Gift API Handler.swift in Sources */,
				C95B8B1D2B7DCD2200536E49 /* Sar.swift in Sources */,
				C95B8A592B7DB9BD00536E49 /* Topup Response.swift in Sources */,
				C95B8A4D2B7DB90900536E49 /* Gift Voucher.swift in Sources */,
				C95B8A8B2B7DC36900536E49 /* Error Code.swift in Sources */,
				C95B8A472B7DB87500536E49 /* egift card.swift in Sources */,
				C95B8AB72B7DC6D300536E49 /* Provider Item.swift in Sources */,
				C95B8AE12B7DC98E00536E49 /* Brand Location City Response.swift in Sources */,
				C95B89BD2B7DB11300536E49 /* canceltransferrequest.swift in Sources */,
				C95B8A4B2B7DB8CE00536E49 /* Extra Fielda.swift in Sources */,
				C95B8A3D2B7DB75B00536E49 /* balance amount.swift in Sources */,
				C95B8ABF2B7DC73B00536E49 /* Region.swift in Sources */,
				C9E383902B7DA1E300F348C2 /* intergrated_billersApp.swift in Sources */,
				C95B8AED2B7DCA3500536E49 /* Conversion Rates.swift in Sources */,
				C95B8AE72B7DC9E600536E49 /* Category.swift in Sources */,
				C92C712E2B802A4000B628E9 /* TopupConnectApiHandler.swift in Sources */,
				C95B8A692B7DBB7200536E49 /* Gift API service.swift in Sources */,
				C95B8A772B7DC22200536E49 /* Account lookup Item.swift in Sources */,
				C95B8A7D2B7DC28600536E49 /* Bonuse.swift in Sources */,
				C95B8A6B2B7DBBBE00536E49 /* Retro Fit Client.swift in Sources */,
				C95B8B052B7DCBD800536E49 /* Eur.swift in Sources */,
				C95B8AEB2B7DCA0E00536E49 /* City.swift in Sources */,
				C95B8A992B7DC48100536E49 /* List Transfer Record Item.swift in Sources */,
				C95B8AB52B7DC6BE00536E49 /* Provider.swift in Sources */,
				C95B8A9B2B7DC4A900536E49 /* Lookup Bill Item.swift in Sources */,
				C95B8A492B7DB8AB00536E49 /* Exchange Rate.swift in Sources */,
				C95B8AB32B7DC69B00536E49 /* Promotion Item.swift in Sources */,
				C95B8AB12B7DC68100536E49 /* Promotion Description Item.swift in Sources */,
				C95B8AC52B7DC78B00536E49 /* Service Response.swift in Sources */,
				C95B8AA32B7DC54E00536E49 /* Price.swift in Sources */,
				C95B8AA92B7DC5F200536E49 /* Product Description Item.swift in Sources */,
				C95B8A652B7DBAD600536E49 /* APIservice.swift in Sources */,
				C95B8A8D2B7DC39F00536E49 /* Error Code Description.swift in Sources */,
				C95B8AAD2B7DC63300536E49 /* Promotion.swift in Sources */,
				C95B8A7F2B7DC2AC00536E49 /* Cancel Transfer.swift in Sources */,
				C95B8B132B7DCCA900536E49 /* Order.swift in Sources */,
				C95B8AD72B7DC8D400536E49 /* Brand.swift in Sources */,
				C95B89C52B7DB17000536E49 /* SendTransferRequest.swift in Sources */,
				C95B8A512B7DB94400536E49 /* Order create response.swift in Sources */,
				C95B8A5D2B7DB9E800536E49 /* Webhook Create Response.swift in Sources */,
				C95B8A932B7DC42C00536E49 /* Estimate Price Item.swift in Sources */,
				C95B8ACF2B7DC87000536E49 /* Account Response.swift in Sources */,
				C95B8A4F2B7DB92800536E49 /* Order Create Request.swift in Sources */,
				C95B8B252B7DCD8B00536E49 /* Webhooks Activation Response.swift in Sources */,
				C95B89C72B7DB1BC00536E49 /* Setting.swift in Sources */,
				C95B8ACD2B7DC80C00536E49 /* Transfer Record Response.swift in Sources */,
				C95B8AC72B7DC7A900536E49 /* Setting Definition.swift in Sources */,
				C95B8ADF2B7DC97100536E49 /* Brand Details.swift in Sources */,
				C95B8ABD2B7DC72400536E49 /* ReceiptParams.swift in Sources */,
				C95B8AF72B7DCAF000536E49 /* Credential.swift in Sources */,
				C95B8A432B7DB7CA00536E49 /* Credential Acvitation Request.swift in Sources */,
				C95B8AE92B7DC9FB00536E49 /* Category Response.swift in Sources */,
				C95B8B272B7DCDA400536E49 /* Webhooks Deactivation Response.swift in Sources */,
				C95B8A852B7DC2E000536E49 /* Country Item.swift in Sources */,
				C95B8AEF2B7DCA5600536E49 /* Country.swift in Sources */,
				C95B8A3F2B7DB78200536E49 /* brand accepted amount.swift in Sources */,
				C95B8B1F2B7DCD3700536E49 /* USD.swift in Sources */,
				C95B8A6F2B7DBBFD00536E49 /* API Response Callback.swift in Sources */,
				C95B8AF92B7DCB1000536E49 /* Credential Generation Response.swift in Sources */,
				C95B8B112B7DCC7C00536E49 /* Location City.swift in Sources */,
				C95B8B292B7DCDC600536E49 /* Webhooks Response.swift in Sources */,
				C95B8AF32B7DCAA700536E49 /* Country Language.swift in Sources */,
				C95B8B032B7DCB8400536E49 /* Denominations.swift in Sources */,
				C95B8AE52B7DC9C900536E49 /* Brand Response.swift in Sources */,
				C95B8A8F2B7DC3E400536E49 /* Error Code Description Item.swift in Sources */,
				C95B8B0F2B7DCC6400536E49 /* LBP.swift in Sources */,
				C95B8AA12B7DC52700536E49 /* Minimum.swift in Sources */,
				C95B8A712B7DBC1C00536E49 /* Topup Connect API Handler.swift in Sources */,
				C95B8A412B7DB78F00536E49 /* Brand details.swift in Sources */,
				C95B8AD12B7DC88600536E49 /* Aed.swift in Sources */,
				C95B8ADD2B7DC94500536E49 /* Brand Country.swift in Sources */,
				C95B8B072B7DCBEF00536E49 /* Exchange Rate Response.swift in Sources */,
				C95B8B092B7DCC0800536E49 /* GBP.swift in Sources */,
				C95B8AD52B7DC8C600536E49 /* BHD.swift in Sources */,
				C95B89C12B7DB14700536E49 /* ListTransferRecordRequest.swift in Sources */,
				C95B8B0D2B7DCC3600536E49 /* Image Gallery.swift in Sources */,
				C95B8B212B7DCD4F00536E49 /* Utlized Details.swift in Sources */,
			);
			runOnlyForDeploymentPostprocessing = 0;
		};
		C9E383982B7DA1E400F348C2 /* Sources */ = {
			isa = PBXSourcesBuildPhase;
			buildActionMask = 2147483647;
			files = (
				C9E383A12B7DA1E400F348C2 /* intergrated_billersTests.swift in Sources */,
			);
			runOnlyForDeploymentPostprocessing = 0;
		};
		C9E383A22B7DA1E400F348C2 /* Sources */ = {
			isa = PBXSourcesBuildPhase;
			buildActionMask = 2147483647;
			files = (
				C9E383AD2B7DA1E400F348C2 /* intergrated_billersUITestsLaunchTests.swift in Sources */,
				C9E383AB2B7DA1E400F348C2 /* intergrated_billersUITests.swift in Sources */,
			);
			runOnlyForDeploymentPostprocessing = 0;
		};
/* End PBXSourcesBuildPhase section */

/* Begin PBXTargetDependency section */
		C9E3839E2B7DA1E400F348C2 /* PBXTargetDependency */ = {
			isa = PBXTargetDependency;
			target = C9E3838B2B7DA1E300F348C2 /* intergrated-billers */;
			targetProxy = C9E3839D2B7DA1E400F348C2 /* PBXContainerItemProxy */;
		};
		C9E383A82B7DA1E400F348C2 /* PBXTargetDependency */ = {
			isa = PBXTargetDependency;
			target = C9E3838B2B7DA1E300F348C2 /* intergrated-billers */;
			targetProxy = C9E383A72B7DA1E400F348C2 /* PBXContainerItemProxy */;
		};
/* End PBXTargetDependency section */

/* Begin XCBuildConfiguration section */
		C9E383AE2B7DA1E400F348C2 /* Debug */ = {
			isa = XCBuildConfiguration;
			buildSettings = {
				ALWAYS_SEARCH_USER_PATHS = NO;
				ASSETCATALOG_COMPILER_GENERATE_SWIFT_ASSET_SYMBOL_EXTENSIONS = YES;
				CLANG_ANALYZER_NONNULL = YES;
				CLANG_ANALYZER_NUMBER_OBJECT_CONVERSION = YES_AGGRESSIVE;
				CLANG_CXX_LANGUAGE_STANDARD = "gnu++20";
				CLANG_ENABLE_MODULES = YES;
				CLANG_ENABLE_OBJC_ARC = YES;
				CLANG_ENABLE_OBJC_WEAK = YES;
				CLANG_WARN_BLOCK_CAPTURE_AUTORELEASING = YES;
				CLANG_WARN_BOOL_CONVERSION = YES;
				CLANG_WARN_COMMA = YES;
				CLANG_WARN_CONSTANT_CONVERSION = YES;
				CLANG_WARN_DEPRECATED_OBJC_IMPLEMENTATIONS = YES;
				CLANG_WARN_DIRECT_OBJC_ISA_USAGE = YES_ERROR;
				CLANG_WARN_DOCUMENTATION_COMMENTS = YES;
				CLANG_WARN_EMPTY_BODY = YES;
				CLANG_WARN_ENUM_CONVERSION = YES;
				CLANG_WARN_INFINITE_RECURSION = YES;
				CLANG_WARN_INT_CONVERSION = YES;
				CLANG_WARN_NON_LITERAL_NULL_CONVERSION = YES;
				CLANG_WARN_OBJC_IMPLICIT_RETAIN_SELF = YES;
				CLANG_WARN_OBJC_LITERAL_CONVERSION = YES;
				CLANG_WARN_OBJC_ROOT_CLASS = YES_ERROR;
				CLANG_WARN_QUOTED_INCLUDE_IN_FRAMEWORK_HEADER = YES;
				CLANG_WARN_RANGE_LOOP_ANALYSIS = YES;
				CLANG_WARN_STRICT_PROTOTYPES = YES;
				CLANG_WARN_SUSPICIOUS_MOVE = YES;
				CLANG_WARN_UNGUARDED_AVAILABILITY = YES_AGGRESSIVE;
				CLANG_WARN_UNREACHABLE_CODE = YES;
				CLANG_WARN__DUPLICATE_METHOD_MATCH = YES;
				COPY_PHASE_STRIP = NO;
				DEBUG_INFORMATION_FORMAT = dwarf;
				ENABLE_STRICT_OBJC_MSGSEND = YES;
				ENABLE_TESTABILITY = YES;
				ENABLE_USER_SCRIPT_SANDBOXING = YES;
				GCC_C_LANGUAGE_STANDARD = gnu17;
				GCC_DYNAMIC_NO_PIC = NO;
				GCC_NO_COMMON_BLOCKS = YES;
				GCC_OPTIMIZATION_LEVEL = 0;
				GCC_PREPROCESSOR_DEFINITIONS = (
					"DEBUG=1",
					"$(inherited)",
				);
				GCC_WARN_64_TO_32_BIT_CONVERSION = YES;
				GCC_WARN_ABOUT_RETURN_TYPE = YES_ERROR;
				GCC_WARN_UNDECLARED_SELECTOR = YES;
				GCC_WARN_UNINITIALIZED_AUTOS = YES_AGGRESSIVE;
				GCC_WARN_UNUSED_FUNCTION = YES;
				GCC_WARN_UNUSED_VARIABLE = YES;
				IPHONEOS_DEPLOYMENT_TARGET = 17.2;
				LOCALIZATION_PREFERS_STRING_CATALOGS = YES;
				MTL_ENABLE_DEBUG_INFO = INCLUDE_SOURCE;
				MTL_FAST_MATH = YES;
				ONLY_ACTIVE_ARCH = YES;
				SDKROOT = iphoneos;
				SWIFT_ACTIVE_COMPILATION_CONDITIONS = "DEBUG $(inherited)";
				SWIFT_OPTIMIZATION_LEVEL = "-Onone";
			};
			name = Debug;
		};
		C9E383AF2B7DA1E400F348C2 /* Release */ = {
			isa = XCBuildConfiguration;
			buildSettings = {
				ALWAYS_SEARCH_USER_PATHS = NO;
				ASSETCATALOG_COMPILER_GENERATE_SWIFT_ASSET_SYMBOL_EXTENSIONS = YES;
				CLANG_ANALYZER_NONNULL = YES;
				CLANG_ANALYZER_NUMBER_OBJECT_CONVERSION = YES_AGGRESSIVE;
				CLANG_CXX_LANGUAGE_STANDARD = "gnu++20";
				CLANG_ENABLE_MODULES = YES;
				CLANG_ENABLE_OBJC_ARC = YES;
				CLANG_ENABLE_OBJC_WEAK = YES;
				CLANG_WARN_BLOCK_CAPTURE_AUTORELEASING = YES;
				CLANG_WARN_BOOL_CONVERSION = YES;
				CLANG_WARN_COMMA = YES;
				CLANG_WARN_CONSTANT_CONVERSION = YES;
				CLANG_WARN_DEPRECATED_OBJC_IMPLEMENTATIONS = YES;
				CLANG_WARN_DIRECT_OBJC_ISA_USAGE = YES_ERROR;
				CLANG_WARN_DOCUMENTATION_COMMENTS = YES;
				CLANG_WARN_EMPTY_BODY = YES;
				CLANG_WARN_ENUM_CONVERSION = YES;
				CLANG_WARN_INFINITE_RECURSION = YES;
				CLANG_WARN_INT_CONVERSION = YES;
				CLANG_WARN_NON_LITERAL_NULL_CONVERSION = YES;
				CLANG_WARN_OBJC_IMPLICIT_RETAIN_SELF = YES;
				CLANG_WARN_OBJC_LITERAL_CONVERSION = YES;
				CLANG_WARN_OBJC_ROOT_CLASS = YES_ERROR;
				CLANG_WARN_QUOTED_INCLUDE_IN_FRAMEWORK_HEADER = YES;
				CLANG_WARN_RANGE_LOOP_ANALYSIS = YES;
				CLANG_WARN_STRICT_PROTOTYPES = YES;
				CLANG_WARN_SUSPICIOUS_MOVE = YES;
				CLANG_WARN_UNGUARDED_AVAILABILITY = YES_AGGRESSIVE;
				CLANG_WARN_UNREACHABLE_CODE = YES;
				CLANG_WARN__DUPLICATE_METHOD_MATCH = YES;
				COPY_PHASE_STRIP = NO;
				DEBUG_INFORMATION_FORMAT = "dwarf-with-dsym";
				ENABLE_NS_ASSERTIONS = NO;
				ENABLE_STRICT_OBJC_MSGSEND = YES;
				ENABLE_USER_SCRIPT_SANDBOXING = YES;
				GCC_C_LANGUAGE_STANDARD = gnu17;
				GCC_NO_COMMON_BLOCKS = YES;
				GCC_WARN_64_TO_32_BIT_CONVERSION = YES;
				GCC_WARN_ABOUT_RETURN_TYPE = YES_ERROR;
				GCC_WARN_UNDECLARED_SELECTOR = YES;
				GCC_WARN_UNINITIALIZED_AUTOS = YES_AGGRESSIVE;
				GCC_WARN_UNUSED_FUNCTION = YES;
				GCC_WARN_UNUSED_VARIABLE = YES;
				IPHONEOS_DEPLOYMENT_TARGET = 17.2;
				LOCALIZATION_PREFERS_STRING_CATALOGS = YES;
				MTL_ENABLE_DEBUG_INFO = NO;
				MTL_FAST_MATH = YES;
				SDKROOT = iphoneos;
				SWIFT_COMPILATION_MODE = wholemodule;
				VALIDATE_PRODUCT = YES;
			};
			name = Release;
		};
		C9E383B12B7DA1E400F348C2 /* Debug */ = {
			isa = XCBuildConfiguration;
			buildSettings = {
				ASSETCATALOG_COMPILER_APPICON_NAME = AppIcon;
				ASSETCATALOG_COMPILER_GLOBAL_ACCENT_COLOR_NAME = AccentColor;
				CODE_SIGN_STYLE = Automatic;
				CURRENT_PROJECT_VERSION = 1;
				DEVELOPMENT_ASSET_PATHS = "\"intergrated-billers/Preview Content\"";
				DEVELOPMENT_TEAM = 97QA96L8Z8;
				ENABLE_PREVIEWS = YES;
				GENERATE_INFOPLIST_FILE = YES;
				INFOPLIST_KEY_UIApplicationSceneManifest_Generation = YES;
				INFOPLIST_KEY_UIApplicationSupportsIndirectInputEvents = YES;
				INFOPLIST_KEY_UILaunchScreen_Generation = YES;
				INFOPLIST_KEY_UISupportedInterfaceOrientations_iPad = "UIInterfaceOrientationPortrait UIInterfaceOrientationPortraitUpsideDown UIInterfaceOrientationLandscapeLeft UIInterfaceOrientationLandscapeRight";
				INFOPLIST_KEY_UISupportedInterfaceOrientations_iPhone = "UIInterfaceOrientationPortrait UIInterfaceOrientationLandscapeLeft UIInterfaceOrientationLandscapeRight";
				LD_RUNPATH_SEARCH_PATHS = (
					"$(inherited)",
					"@executable_path/Frameworks",
				);
				MARKETING_VERSION = 1.0;
				PRODUCT_BUNDLE_IDENTIFIER = "Billers.intergrated-billers";
				PRODUCT_NAME = "$(TARGET_NAME)";
				SWIFT_EMIT_LOC_STRINGS = YES;
				SWIFT_VERSION = 5.0;
				TARGETED_DEVICE_FAMILY = "1,2";
			};
			name = Debug;
		};
		C9E383B22B7DA1E400F348C2 /* Release */ = {
			isa = XCBuildConfiguration;
			buildSettings = {
				ASSETCATALOG_COMPILER_APPICON_NAME = AppIcon;
				ASSETCATALOG_COMPILER_GLOBAL_ACCENT_COLOR_NAME = AccentColor;
				CODE_SIGN_STYLE = Automatic;
				CURRENT_PROJECT_VERSION = 1;
				DEVELOPMENT_ASSET_PATHS = "\"intergrated-billers/Preview Content\"";
				DEVELOPMENT_TEAM = 97QA96L8Z8;
				ENABLE_PREVIEWS = YES;
				GENERATE_INFOPLIST_FILE = YES;
				INFOPLIST_KEY_UIApplicationSceneManifest_Generation = YES;
				INFOPLIST_KEY_UIApplicationSupportsIndirectInputEvents = YES;
				INFOPLIST_KEY_UILaunchScreen_Generation = YES;
				INFOPLIST_KEY_UISupportedInterfaceOrientations_iPad = "UIInterfaceOrientationPortrait UIInterfaceOrientationPortraitUpsideDown UIInterfaceOrientationLandscapeLeft UIInterfaceOrientationLandscapeRight";
				INFOPLIST_KEY_UISupportedInterfaceOrientations_iPhone = "UIInterfaceOrientationPortrait UIInterfaceOrientationLandscapeLeft UIInterfaceOrientationLandscapeRight";
				LD_RUNPATH_SEARCH_PATHS = (
					"$(inherited)",
					"@executable_path/Frameworks",
				);
				MARKETING_VERSION = 1.0;
				PRODUCT_BUNDLE_IDENTIFIER = "Billers.intergrated-billers";
				PRODUCT_NAME = "$(TARGET_NAME)";
				SWIFT_EMIT_LOC_STRINGS = YES;
				SWIFT_VERSION = 5.0;
				TARGETED_DEVICE_FAMILY = "1,2";
			};
			name = Release;
		};
		C9E383B42B7DA1E400F348C2 /* Debug */ = {
			isa = XCBuildConfiguration;
			buildSettings = {
				ALWAYS_EMBED_SWIFT_STANDARD_LIBRARIES = YES;
				BUNDLE_LOADER = "$(TEST_HOST)";
				CODE_SIGN_STYLE = Automatic;
				CURRENT_PROJECT_VERSION = 1;
				DEVELOPMENT_TEAM = 97QA96L8Z8;
				GENERATE_INFOPLIST_FILE = YES;
				IPHONEOS_DEPLOYMENT_TARGET = 17.2;
				MARKETING_VERSION = 1.0;
				PRODUCT_BUNDLE_IDENTIFIER = "Billers.intergrated-billersTests";
				PRODUCT_NAME = "$(TARGET_NAME)";
				SWIFT_EMIT_LOC_STRINGS = NO;
				SWIFT_VERSION = 5.0;
				TARGETED_DEVICE_FAMILY = "1,2";
				TEST_HOST = "$(BUILT_PRODUCTS_DIR)/intergrated-billers.app/$(BUNDLE_EXECUTABLE_FOLDER_PATH)/intergrated-billers";
			};
			name = Debug;
		};
		C9E383B52B7DA1E400F348C2 /* Release */ = {
			isa = XCBuildConfiguration;
			buildSettings = {
				ALWAYS_EMBED_SWIFT_STANDARD_LIBRARIES = YES;
				BUNDLE_LOADER = "$(TEST_HOST)";
				CODE_SIGN_STYLE = Automatic;
				CURRENT_PROJECT_VERSION = 1;
				DEVELOPMENT_TEAM = 97QA96L8Z8;
				GENERATE_INFOPLIST_FILE = YES;
				IPHONEOS_DEPLOYMENT_TARGET = 17.2;
				MARKETING_VERSION = 1.0;
				PRODUCT_BUNDLE_IDENTIFIER = "Billers.intergrated-billersTests";
				PRODUCT_NAME = "$(TARGET_NAME)";
				SWIFT_EMIT_LOC_STRINGS = NO;
				SWIFT_VERSION = 5.0;
				TARGETED_DEVICE_FAMILY = "1,2";
				TEST_HOST = "$(BUILT_PRODUCTS_DIR)/intergrated-billers.app/$(BUNDLE_EXECUTABLE_FOLDER_PATH)/intergrated-billers";
			};
			name = Release;
		};
		C9E383B72B7DA1E400F348C2 /* Debug */ = {
			isa = XCBuildConfiguration;
			buildSettings = {
				ALWAYS_EMBED_SWIFT_STANDARD_LIBRARIES = YES;
				CODE_SIGN_STYLE = Automatic;
				CURRENT_PROJECT_VERSION = 1;
				DEVELOPMENT_TEAM = 97QA96L8Z8;
				GENERATE_INFOPLIST_FILE = YES;
				MARKETING_VERSION = 1.0;
				PRODUCT_BUNDLE_IDENTIFIER = "Billers.intergrated-billersUITests";
				PRODUCT_NAME = "$(TARGET_NAME)";
				SWIFT_EMIT_LOC_STRINGS = NO;
				SWIFT_VERSION = 5.0;
				TARGETED_DEVICE_FAMILY = "1,2";
				TEST_TARGET_NAME = "intergrated-billers";
			};
			name = Debug;
		};
		C9E383B82B7DA1E400F348C2 /* Release */ = {
			isa = XCBuildConfiguration;
			buildSettings = {
				ALWAYS_EMBED_SWIFT_STANDARD_LIBRARIES = YES;
				CODE_SIGN_STYLE = Automatic;
				CURRENT_PROJECT_VERSION = 1;
				DEVELOPMENT_TEAM = 97QA96L8Z8;
				GENERATE_INFOPLIST_FILE = YES;
				MARKETING_VERSION = 1.0;
				PRODUCT_BUNDLE_IDENTIFIER = "Billers.intergrated-billersUITests";
				PRODUCT_NAME = "$(TARGET_NAME)";
				SWIFT_EMIT_LOC_STRINGS = NO;
				SWIFT_VERSION = 5.0;
				TARGETED_DEVICE_FAMILY = "1,2";
				TEST_TARGET_NAME = "intergrated-billers";
			};
			name = Release;
		};
/* End XCBuildConfiguration section */

/* Begin XCConfigurationList section */
		C9E383872B7DA1E300F348C2 /* Build configuration list for PBXProject "intergrated-billers" */ = {
			isa = XCConfigurationList;
			buildConfigurations = (
				C9E383AE2B7DA1E400F348C2 /* Debug */,
				C9E383AF2B7DA1E400F348C2 /* Release */,
			);
			defaultConfigurationIsVisible = 0;
			defaultConfigurationName = Release;
		};
		C9E383B02B7DA1E400F348C2 /* Build configuration list for PBXNativeTarget "intergrated-billers" */ = {
			isa = XCConfigurationList;
			buildConfigurations = (
				C9E383B12B7DA1E400F348C2 /* Debug */,
				C9E383B22B7DA1E400F348C2 /* Release */,
			);
			defaultConfigurationIsVisible = 0;
			defaultConfigurationName = Release;
		};
		C9E383B32B7DA1E400F348C2 /* Build configuration list for PBXNativeTarget "intergrated-billersTests" */ = {
			isa = XCConfigurationList;
			buildConfigurations = (
				C9E383B42B7DA1E400F348C2 /* Debug */,
				C9E383B52B7DA1E400F348C2 /* Release */,
			);
			defaultConfigurationIsVisible = 0;
			defaultConfigurationName = Release;
		};
		C9E383B62B7DA1E400F348C2 /* Build configuration list for PBXNativeTarget "intergrated-billersUITests" */ = {
			isa = XCConfigurationList;
			buildConfigurations = (
				C9E383B72B7DA1E400F348C2 /* Debug */,
				C9E383B82B7DA1E400F348C2 /* Release */,
			);
			defaultConfigurationIsVisible = 0;
			defaultConfigurationName = Release;
		};
/* End XCConfigurationList section */
	};
	rootObject = C9E383842B7DA1E300F348C2 /* Project object */;
}
